// !$*UTF8*$!
{
	archiveVersion = 1;
	classes = {
	};
	objectVersion = 56;
	objects = {

/* Begin PBXBuildFile section */
		394A5C742A9712DF006A7232 /* CountDaysApp.swift in Sources */ = {isa = PBXBuildFile; fileRef = 394A5C732A9712DF006A7232 /* CountDaysApp.swift */; };
		394A5C782A9712E0006A7232 /* Assets.xcassets in Resources */ = {isa = PBXBuildFile; fileRef = 394A5C772A9712E0006A7232 /* Assets.xcassets */; };
		394A5C7B2A9712E0006A7232 /* Preview Assets.xcassets in Resources */ = {isa = PBXBuildFile; fileRef = 394A5C7A2A9712E0006A7232 /* Preview Assets.xcassets */; };
		394A5C852A9712E0006A7232 /* CountDaysTests.swift in Sources */ = {isa = PBXBuildFile; fileRef = 394A5C842A9712E0006A7232 /* CountDaysTests.swift */; };
		394A5C8F2A9712E0006A7232 /* CountDaysUITests.swift in Sources */ = {isa = PBXBuildFile; fileRef = 394A5C8E2A9712E0006A7232 /* CountDaysUITests.swift */; };
		394A5C912A9712E0006A7232 /* CountDaysUITestsLaunchTests.swift in Sources */ = {isa = PBXBuildFile; fileRef = 394A5C902A9712E0006A7232 /* CountDaysUITestsLaunchTests.swift */; };
		394A5C9E2A971349006A7232 /* ContentView.swift in Sources */ = {isa = PBXBuildFile; fileRef = 394A5C9D2A971349006A7232 /* ContentView.swift */; };
		394A5CA82A9713C3006A7232 /* EventCard.swift in Sources */ = {isa = PBXBuildFile; fileRef = 394A5CA22A9713C3006A7232 /* EventCard.swift */; };
		394A5CA92A9713C3006A7232 /* ColorUtility.swift in Sources */ = {isa = PBXBuildFile; fileRef = 394A5CA32A9713C3006A7232 /* ColorUtility.swift */; };
		394A5CAA2A9713C3006A7232 /* RealmModel.swift in Sources */ = {isa = PBXBuildFile; fileRef = 394A5CA42A9713C3006A7232 /* RealmModel.swift */; };
		394A5CAB2A9713C3006A7232 /* NotificationCenter.swift in Sources */ = {isa = PBXBuildFile; fileRef = 394A5CA52A9713C3006A7232 /* NotificationCenter.swift */; };
		394A5CAC2A9713C3006A7232 /* Color.swift in Sources */ = {isa = PBXBuildFile; fileRef = 394A5CA62A9713C3006A7232 /* Color.swift */; };
		394A5CAD2A9713C3006A7232 /* Enum.swift in Sources */ = {isa = PBXBuildFile; fileRef = 394A5CA72A9713C3006A7232 /* Enum.swift */; };
		394A5CBA2A97151A006A7232 /* EventCardViewModel.swift in Sources */ = {isa = PBXBuildFile; fileRef = 394A5CB62A97151A006A7232 /* EventCardViewModel.swift */; };
		394A5CBB2A97151A006A7232 /* RealmViewModel.swift in Sources */ = {isa = PBXBuildFile; fileRef = 394A5CB72A97151A006A7232 /* RealmViewModel.swift */; };
		394A5CBC2A97151A006A7232 /* DateViewModel.swift in Sources */ = {isa = PBXBuildFile; fileRef = 394A5CB82A97151A006A7232 /* DateViewModel.swift */; };
		394A5CBD2A97151A006A7232 /* CalendarViewModel.swift in Sources */ = {isa = PBXBuildFile; fileRef = 394A5CB92A97151A006A7232 /* CalendarViewModel.swift */; };
		394A5CC02A971528006A7232 /* EventCardView.swift in Sources */ = {isa = PBXBuildFile; fileRef = 394A5CBE2A971528006A7232 /* EventCardView.swift */; };
		394A5CC12A971528006A7232 /* AddEventView.swift in Sources */ = {isa = PBXBuildFile; fileRef = 394A5CBF2A971528006A7232 /* AddEventView.swift */; };
		394A5CC62A971535006A7232 /* SettingView.swift in Sources */ = {isa = PBXBuildFile; fileRef = 394A5CC22A971535006A7232 /* SettingView.swift */; };
		394A5CC72A971535006A7232 /* MailView.swift in Sources */ = {isa = PBXBuildFile; fileRef = 394A5CC32A971535006A7232 /* MailView.swift */; };
		394A5CC82A971535006A7232 /* TermView.swift in Sources */ = {isa = PBXBuildFile; fileRef = 394A5CC42A971535006A7232 /* TermView.swift */; };
		394A5CC92A971535006A7232 /* PrivacyPolicyView.swift in Sources */ = {isa = PBXBuildFile; fileRef = 394A5CC52A971535006A7232 /* PrivacyPolicyView.swift */; };
		394A5CCE2A97153D006A7232 /* ConfigureDateView.swift in Sources */ = {isa = PBXBuildFile; fileRef = 394A5CCA2A97153D006A7232 /* ConfigureDateView.swift */; };
		394A5CCF2A97153D006A7232 /* CalendarView.swift in Sources */ = {isa = PBXBuildFile; fileRef = 394A5CCB2A97153D006A7232 /* CalendarView.swift */; };
		394A5CD02A97153D006A7232 /* EventDetailConfigurationView.swift in Sources */ = {isa = PBXBuildFile; fileRef = 394A5CCC2A97153D006A7232 /* EventDetailConfigurationView.swift */; };
		394A5CD12A97153D006A7232 /* ConfigureEventView.swift in Sources */ = {isa = PBXBuildFile; fileRef = 394A5CCD2A97153D006A7232 /* ConfigureEventView.swift */; };
		394A5CDA2A971567006A7232 /* aaa.swift in Sources */ = {isa = PBXBuildFile; fileRef = 394A5CD22A971566006A7232 /* aaa.swift */; };
		394A5CDB2A971567006A7232 /* TestView2.swift in Sources */ = {isa = PBXBuildFile; fileRef = 394A5CD32A971566006A7232 /* TestView2.swift */; };
		394A5CDC2A971567006A7232 /* ViewExtension.swift in Sources */ = {isa = PBXBuildFile; fileRef = 394A5CD42A971566006A7232 /* ViewExtension.swift */; };
		394A5CDD2A971567006A7232 /* EventConfigurationButtonStyle.swift in Sources */ = {isa = PBXBuildFile; fileRef = 394A5CD52A971566006A7232 /* EventConfigurationButtonStyle.swift */; };
		394A5CDE2A971567006A7232 /* MainView.swift in Sources */ = {isa = PBXBuildFile; fileRef = 394A5CD62A971566006A7232 /* MainView.swift */; };
		394A5CDF2A971567006A7232 /* AddEventButton.swift in Sources */ = {isa = PBXBuildFile; fileRef = 394A5CD72A971566006A7232 /* AddEventButton.swift */; };
		394A5CE02A971567006A7232 /* TestView.swift in Sources */ = {isa = PBXBuildFile; fileRef = 394A5CD82A971566006A7232 /* TestView.swift */; };
		394A5CE12A971567006A7232 /* CalendarView2.swift in Sources */ = {isa = PBXBuildFile; fileRef = 394A5CD92A971567006A7232 /* CalendarView2.swift */; };
		394A5CE32A9715DB006A7232 /* MockStore.swift in Sources */ = {isa = PBXBuildFile; fileRef = 394A5CE22A9715DA006A7232 /* MockStore.swift */; };
		39560F102ABF1DEE000A623D /* RealmModel.swift in Sources */ = {isa = PBXBuildFile; fileRef = 394A5CA42A9713C3006A7232 /* RealmModel.swift */; };
		39560F112ABF1DF5000A623D /* Color.swift in Sources */ = {isa = PBXBuildFile; fileRef = 394A5CA62A9713C3006A7232 /* Color.swift */; };
		39560F122ABF1DFC000A623D /* Enum.swift in Sources */ = {isa = PBXBuildFile; fileRef = 394A5CA72A9713C3006A7232 /* Enum.swift */; };
		39560F132ABF1E10000A623D /* Extension.swift in Sources */ = {isa = PBXBuildFile; fileRef = 39FFFA6E2AA84656001AE0D7 /* Extension.swift */; };
		39560F142ABF1E24000A623D /* EventCardViewModel.swift in Sources */ = {isa = PBXBuildFile; fileRef = 394A5CB62A97151A006A7232 /* EventCardViewModel.swift */; };
		39560F152ABF1E5C000A623D /* WidgetConfig.swift in Sources */ = {isa = PBXBuildFile; fileRef = 39905D342ABA9F6B0019CEFB /* WidgetConfig.swift */; };
		39560F162ABF1EAA000A623D /* RealmViewModel.swift in Sources */ = {isa = PBXBuildFile; fileRef = 394A5CB72A97151A006A7232 /* RealmViewModel.swift */; };
		39560F172ABF1FD0000A623D /* EventCardView2.swift in Sources */ = {isa = PBXBuildFile; fileRef = 39FFFA812AAEB518001AE0D7 /* EventCardView2.swift */; };
		39560F182ABF1FF5000A623D /* CalendarViewModel.swift in Sources */ = {isa = PBXBuildFile; fileRef = 394A5CB92A97151A006A7232 /* CalendarViewModel.swift */; };
		39560F1F2AC17B91000A623D /* Intents.framework in Frameworks */ = {isa = PBXBuildFile; fileRef = 39560F1E2AC17B91000A623D /* Intents.framework */; };
		39560F222AC17B91000A623D /* IntentHandler.swift in Sources */ = {isa = PBXBuildFile; fileRef = 39560F212AC17B91000A623D /* IntentHandler.swift */; };
		39560F262AC17B91000A623D /* CountDays-Intent.appex in Embed Foundation Extensions */ = {isa = PBXBuildFile; fileRef = 39560F1D2AC17B91000A623D /* CountDays-Intent.appex */; settings = {ATTRIBUTES = (RemoveHeadersOnCopy, ); }; };
		39560F2A2AC17C9D000A623D /* WidgetExtension.intentdefinition in Sources */ = {isa = PBXBuildFile; fileRef = 39905D6E2ABAF6020019CEFB /* WidgetExtension.intentdefinition */; };
		39560F2B2AC18E87000A623D /* IntentHandler.swift in Sources */ = {isa = PBXBuildFile; fileRef = 39560F212AC17B91000A623D /* IntentHandler.swift */; };
		39560F422AC19DA9000A623D /* Realm in Frameworks */ = {isa = PBXBuildFile; productRef = 39560F412AC19DA9000A623D /* Realm */; };
		39560F442AC19DA9000A623D /* RealmSwift in Frameworks */ = {isa = PBXBuildFile; productRef = 39560F432AC19DA9000A623D /* RealmSwift */; };
		39560F452AC19DF9000A623D /* RealmViewModel.swift in Sources */ = {isa = PBXBuildFile; fileRef = 394A5CB72A97151A006A7232 /* RealmViewModel.swift */; };
		39560F462AC19E00000A623D /* RealmModel.swift in Sources */ = {isa = PBXBuildFile; fileRef = 394A5CA42A9713C3006A7232 /* RealmModel.swift */; };
		39560F472AC19E13000A623D /* Color.swift in Sources */ = {isa = PBXBuildFile; fileRef = 394A5CA62A9713C3006A7232 /* Color.swift */; };
		39560F482AC19E1C000A623D /* Enum.swift in Sources */ = {isa = PBXBuildFile; fileRef = 394A5CA72A9713C3006A7232 /* Enum.swift */; };
		39560F492AC19E2D000A623D /* Extension.swift in Sources */ = {isa = PBXBuildFile; fileRef = 39FFFA6E2AA84656001AE0D7 /* Extension.swift */; };
		39560F4A2AC19E3C000A623D /* WidgetConfig.swift in Sources */ = {isa = PBXBuildFile; fileRef = 39905D342ABA9F6B0019CEFB /* WidgetConfig.swift */; };
		39905D352ABA9F6B0019CEFB /* WidgetConfig.swift in Sources */ = {isa = PBXBuildFile; fileRef = 39905D342ABA9F6B0019CEFB /* WidgetConfig.swift */; };
		39905D652ABAF6020019CEFB /* WidgetKit.framework in Frameworks */ = {isa = PBXBuildFile; fileRef = 394A5CEC2A971753006A7232 /* WidgetKit.framework */; };
		39905D662ABAF6020019CEFB /* SwiftUI.framework in Frameworks */ = {isa = PBXBuildFile; fileRef = 394A5CEE2A971753006A7232 /* SwiftUI.framework */; };
		39905D692ABAF6020019CEFB /* WidgetExtensionBundle.swift in Sources */ = {isa = PBXBuildFile; fileRef = 39905D682ABAF6020019CEFB /* WidgetExtensionBundle.swift */; };
		39905D6B2ABAF6020019CEFB /* WidgetExtensionLiveActivity.swift in Sources */ = {isa = PBXBuildFile; fileRef = 39905D6A2ABAF6020019CEFB /* WidgetExtensionLiveActivity.swift */; };
		39905D6D2ABAF6020019CEFB /* WidgetExtension.swift in Sources */ = {isa = PBXBuildFile; fileRef = 39905D6C2ABAF6020019CEFB /* WidgetExtension.swift */; };
		39905D702ABAF6030019CEFB /* Assets.xcassets in Resources */ = {isa = PBXBuildFile; fileRef = 39905D6F2ABAF6030019CEFB /* Assets.xcassets */; };
		39905D722ABAF6030019CEFB /* WidgetExtension.intentdefinition in Sources */ = {isa = PBXBuildFile; fileRef = 39905D6E2ABAF6020019CEFB /* WidgetExtension.intentdefinition */; };
		39905D732ABAF6030019CEFB /* WidgetExtension.intentdefinition in Sources */ = {isa = PBXBuildFile; fileRef = 39905D6E2ABAF6020019CEFB /* WidgetExtension.intentdefinition */; };
		39905D762ABAF6030019CEFB /* WidgetExtensionExtension.appex in Embed Foundation Extensions */ = {isa = PBXBuildFile; fileRef = 39905D642ABAF6020019CEFB /* WidgetExtensionExtension.appex */; settings = {ATTRIBUTES = (RemoveHeadersOnCopy, ); }; };
		39905D7B2ABAF61A0019CEFB /* Realm in Frameworks */ = {isa = PBXBuildFile; productRef = 39905D7A2ABAF61A0019CEFB /* Realm */; };
		39905D7D2ABAF61A0019CEFB /* RealmSwift in Frameworks */ = {isa = PBXBuildFile; productRef = 39905D7C2ABAF61A0019CEFB /* RealmSwift */; };
		39905D7F2ABAFC3B0019CEFB /* WidgetExtension.swift in Sources */ = {isa = PBXBuildFile; fileRef = 39905D6C2ABAF6020019CEFB /* WidgetExtension.swift */; };
		39EC20B92AC8199800BD081D /* ColorUtility.swift in Sources */ = {isa = PBXBuildFile; fileRef = 394A5CA32A9713C3006A7232 /* ColorUtility.swift */; };
		39EC20BA2AC8199800BD081D /* ColorUtility.swift in Sources */ = {isa = PBXBuildFile; fileRef = 394A5CA32A9713C3006A7232 /* ColorUtility.swift */; };
		39EC20BE2ACA77C300BD081D /* TestView4.swift in Sources */ = {isa = PBXBuildFile; fileRef = 39EC20BD2ACA77C300BD081D /* TestView4.swift */; };
		39FFFA532A973D6E001AE0D7 /* Algorithms in Frameworks */ = {isa = PBXBuildFile; productRef = 39FFFA522A973D6E001AE0D7 /* Algorithms */; };
		39FFFA562A973D7A001AE0D7 /* Realm in Frameworks */ = {isa = PBXBuildFile; productRef = 39FFFA552A973D7A001AE0D7 /* Realm */; };
		39FFFA582A973D7A001AE0D7 /* RealmSwift in Frameworks */ = {isa = PBXBuildFile; productRef = 39FFFA572A973D7A001AE0D7 /* RealmSwift */; };
		39FFFA5F2A9992C0001AE0D7 /* TimePicker.swift in Sources */ = {isa = PBXBuildFile; fileRef = 39FFFA5E2A9992C0001AE0D7 /* TimePicker.swift */; };
		39FFFA612AA04FFB001AE0D7 /* HeaderView.swift in Sources */ = {isa = PBXBuildFile; fileRef = 39FFFA602AA04FFB001AE0D7 /* HeaderView.swift */; };
		39FFFA642AA07919001AE0D7 /* UpgradeView.swift in Sources */ = {isa = PBXBuildFile; fileRef = 39FFFA632AA07919001AE0D7 /* UpgradeView.swift */; };
		39FFFA662AA07F37001AE0D7 /* ProductViewModel.swift in Sources */ = {isa = PBXBuildFile; fileRef = 39FFFA652AA07F37001AE0D7 /* ProductViewModel.swift */; };
		39FFFA682AA5C0CB001AE0D7 /* Store.swift in Sources */ = {isa = PBXBuildFile; fileRef = 39FFFA672AA5C0CB001AE0D7 /* Store.swift */; };
		39FFFA6A2AA74BF1001AE0D7 /* ImageModel.swift in Sources */ = {isa = PBXBuildFile; fileRef = 39FFFA692AA74BF1001AE0D7 /* ImageModel.swift */; };
		39FFFA6C2AA7A783001AE0D7 /* VersionUpCheck.swift in Sources */ = {isa = PBXBuildFile; fileRef = 39FFFA6B2AA7A783001AE0D7 /* VersionUpCheck.swift */; };
		39FFFA6F2AA84656001AE0D7 /* Extension.swift in Sources */ = {isa = PBXBuildFile; fileRef = 39FFFA6E2AA84656001AE0D7 /* Extension.swift */; };
		39FFFA722AA86667001AE0D7 /* WelcomeView.swift in Sources */ = {isa = PBXBuildFile; fileRef = 39FFFA712AA86667001AE0D7 /* WelcomeView.swift */; };
		39FFFA742AA872B2001AE0D7 /* AppStorage.swift in Sources */ = {isa = PBXBuildFile; fileRef = 39FFFA732AA872B2001AE0D7 /* AppStorage.swift */; };
		39FFFA762AA8A7A2001AE0D7 /* BounceButtonStyle.swift in Sources */ = {isa = PBXBuildFile; fileRef = 39FFFA752AA8A7A2001AE0D7 /* BounceButtonStyle.swift */; };
		39FFFA782AA8AAE3001AE0D7 /* HapticFeedback.swift in Sources */ = {isa = PBXBuildFile; fileRef = 39FFFA772AA8AAE3001AE0D7 /* HapticFeedback.swift */; };
		39FFFA7B2AA9C093001AE0D7 /* CustomImagePicker.swift in Sources */ = {isa = PBXBuildFile; fileRef = 39FFFA7A2AA9C093001AE0D7 /* CustomImagePicker.swift */; };
		39FFFA7F2AA9C318001AE0D7 /* TestView3.swift in Sources */ = {isa = PBXBuildFile; fileRef = 39FFFA7E2AA9C318001AE0D7 /* TestView3.swift */; };
		39FFFA822AAEB518001AE0D7 /* EventCardView2.swift in Sources */ = {isa = PBXBuildFile; fileRef = 39FFFA812AAEB518001AE0D7 /* EventCardView2.swift */; };
		39FFFA842AB19325001AE0D7 /* GoogleService-Info.plist in Resources */ = {isa = PBXBuildFile; fileRef = 39FFFA832AB19325001AE0D7 /* GoogleService-Info.plist */; };
		39FFFA852AB19325001AE0D7 /* GoogleService-Info.plist in Resources */ = {isa = PBXBuildFile; fileRef = 39FFFA832AB19325001AE0D7 /* GoogleService-Info.plist */; };
		39FFFA862AB19325001AE0D7 /* GoogleService-Info.plist in Resources */ = {isa = PBXBuildFile; fileRef = 39FFFA832AB19325001AE0D7 /* GoogleService-Info.plist */; };
		39FFFAB32AB1A751001AE0D7 /* FirebaseAnalyticsOnDeviceConversion in Frameworks */ = {isa = PBXBuildFile; productRef = 39FFFAB22AB1A751001AE0D7 /* FirebaseAnalyticsOnDeviceConversion */; };
		39FFFAB52AB1A751001AE0D7 /* FirebaseAnalyticsSwift in Frameworks */ = {isa = PBXBuildFile; productRef = 39FFFAB42AB1A751001AE0D7 /* FirebaseAnalyticsSwift */; };
		39FFFAB72AB1A751001AE0D7 /* FirebaseAnalyticsWithoutAdIdSupport in Frameworks */ = {isa = PBXBuildFile; productRef = 39FFFAB62AB1A751001AE0D7 /* FirebaseAnalyticsWithoutAdIdSupport */; };
		39FFFAB92AB1A751001AE0D7 /* FirebaseAppCheck in Frameworks */ = {isa = PBXBuildFile; productRef = 39FFFAB82AB1A751001AE0D7 /* FirebaseAppCheck */; };
		39FFFABB2AB1A751001AE0D7 /* FirebaseAppDistribution-Beta in Frameworks */ = {isa = PBXBuildFile; productRef = 39FFFABA2AB1A751001AE0D7 /* FirebaseAppDistribution-Beta */; };
		39FFFABD2AB1A751001AE0D7 /* FirebaseAuth in Frameworks */ = {isa = PBXBuildFile; productRef = 39FFFABC2AB1A751001AE0D7 /* FirebaseAuth */; };
		39FFFABF2AB1A752001AE0D7 /* FirebaseAuthCombine-Community in Frameworks */ = {isa = PBXBuildFile; productRef = 39FFFABE2AB1A752001AE0D7 /* FirebaseAuthCombine-Community */; };
		39FFFAC12AB1A752001AE0D7 /* FirebaseCrashlytics in Frameworks */ = {isa = PBXBuildFile; productRef = 39FFFAC02AB1A752001AE0D7 /* FirebaseCrashlytics */; };
		39FFFAC32AB1A752001AE0D7 /* FirebaseDatabase in Frameworks */ = {isa = PBXBuildFile; productRef = 39FFFAC22AB1A752001AE0D7 /* FirebaseDatabase */; };
		39FFFAC52AB1A752001AE0D7 /* FirebaseDatabaseSwift in Frameworks */ = {isa = PBXBuildFile; productRef = 39FFFAC42AB1A752001AE0D7 /* FirebaseDatabaseSwift */; };
		39FFFAC72AB1A752001AE0D7 /* FirebaseDynamicLinks in Frameworks */ = {isa = PBXBuildFile; productRef = 39FFFAC62AB1A752001AE0D7 /* FirebaseDynamicLinks */; };
		39FFFAC92AB1A752001AE0D7 /* FirebaseFirestore in Frameworks */ = {isa = PBXBuildFile; productRef = 39FFFAC82AB1A752001AE0D7 /* FirebaseFirestore */; };
		39FFFACB2AB1A752001AE0D7 /* FirebaseFirestoreCombine-Community in Frameworks */ = {isa = PBXBuildFile; productRef = 39FFFACA2AB1A752001AE0D7 /* FirebaseFirestoreCombine-Community */; };
		39FFFACD2AB1A752001AE0D7 /* FirebaseFirestoreSwift in Frameworks */ = {isa = PBXBuildFile; productRef = 39FFFACC2AB1A752001AE0D7 /* FirebaseFirestoreSwift */; };
		39FFFACF2AB1A752001AE0D7 /* FirebaseFunctions in Frameworks */ = {isa = PBXBuildFile; productRef = 39FFFACE2AB1A752001AE0D7 /* FirebaseFunctions */; };
		39FFFAD12AB1A752001AE0D7 /* FirebaseFunctionsCombine-Community in Frameworks */ = {isa = PBXBuildFile; productRef = 39FFFAD02AB1A752001AE0D7 /* FirebaseFunctionsCombine-Community */; };
		39FFFAD32AB1A753001AE0D7 /* FirebaseInAppMessaging-Beta in Frameworks */ = {isa = PBXBuildFile; productRef = 39FFFAD22AB1A753001AE0D7 /* FirebaseInAppMessaging-Beta */; };
		39FFFAD52AB1A753001AE0D7 /* FirebaseInAppMessagingSwift-Beta in Frameworks */ = {isa = PBXBuildFile; productRef = 39FFFAD42AB1A753001AE0D7 /* FirebaseInAppMessagingSwift-Beta */; };
		39FFFAD72AB1A753001AE0D7 /* FirebaseInstallations in Frameworks */ = {isa = PBXBuildFile; productRef = 39FFFAD62AB1A753001AE0D7 /* FirebaseInstallations */; };
		39FFFAD92AB1A753001AE0D7 /* FirebaseMLModelDownloader in Frameworks */ = {isa = PBXBuildFile; productRef = 39FFFAD82AB1A753001AE0D7 /* FirebaseMLModelDownloader */; };
		39FFFADB2AB1A753001AE0D7 /* FirebaseMessaging in Frameworks */ = {isa = PBXBuildFile; productRef = 39FFFADA2AB1A753001AE0D7 /* FirebaseMessaging */; };
		39FFFADD2AB1A753001AE0D7 /* FirebasePerformance in Frameworks */ = {isa = PBXBuildFile; productRef = 39FFFADC2AB1A753001AE0D7 /* FirebasePerformance */; };
		39FFFADF2AB1A754001AE0D7 /* FirebaseRemoteConfig in Frameworks */ = {isa = PBXBuildFile; productRef = 39FFFADE2AB1A754001AE0D7 /* FirebaseRemoteConfig */; };
		39FFFAE12AB1A754001AE0D7 /* FirebaseRemoteConfigSwift in Frameworks */ = {isa = PBXBuildFile; productRef = 39FFFAE02AB1A754001AE0D7 /* FirebaseRemoteConfigSwift */; };
		39FFFAE32AB1A754001AE0D7 /* FirebaseStorage in Frameworks */ = {isa = PBXBuildFile; productRef = 39FFFAE22AB1A754001AE0D7 /* FirebaseStorage */; };
		39FFFAE52AB1A754001AE0D7 /* FirebaseStorageCombine-Community in Frameworks */ = {isa = PBXBuildFile; productRef = 39FFFAE42AB1A754001AE0D7 /* FirebaseStorageCombine-Community */; };
		39FFFB462AB299C4001AE0D7 /* FirebaseAnalyticsManager.swift in Sources */ = {isa = PBXBuildFile; fileRef = 39FFFB452AB299C4001AE0D7 /* FirebaseAnalyticsManager.swift */; };
/* End PBXBuildFile section */

/* Begin PBXContainerItemProxy section */
		394A5C812A9712E0006A7232 /* PBXContainerItemProxy */ = {
			isa = PBXContainerItemProxy;
			containerPortal = 394A5C682A9712DF006A7232 /* Project object */;
			proxyType = 1;
			remoteGlobalIDString = 394A5C6F2A9712DF006A7232;
			remoteInfo = CountDays;
		};
		394A5C8B2A9712E0006A7232 /* PBXContainerItemProxy */ = {
			isa = PBXContainerItemProxy;
			containerPortal = 394A5C682A9712DF006A7232 /* Project object */;
			proxyType = 1;
			remoteGlobalIDString = 394A5C6F2A9712DF006A7232;
			remoteInfo = CountDays;
		};
		39560F242AC17B91000A623D /* PBXContainerItemProxy */ = {
			isa = PBXContainerItemProxy;
			containerPortal = 394A5C682A9712DF006A7232 /* Project object */;
			proxyType = 1;
			remoteGlobalIDString = 39560F1C2AC17B91000A623D;
			remoteInfo = "CountDays-Intent";
		};
		39905D742ABAF6030019CEFB /* PBXContainerItemProxy */ = {
			isa = PBXContainerItemProxy;
			containerPortal = 394A5C682A9712DF006A7232 /* Project object */;
			proxyType = 1;
			remoteGlobalIDString = 39905D632ABAF6020019CEFB;
			remoteInfo = WidgetExtensionExtension;
		};
/* End PBXContainerItemProxy section */

/* Begin PBXCopyFilesBuildPhase section */
		394A5D032A971754006A7232 /* Embed Foundation Extensions */ = {
			isa = PBXCopyFilesBuildPhase;
			buildActionMask = 2147483647;
			dstPath = "";
			dstSubfolderSpec = 13;
			files = (
				39905D762ABAF6030019CEFB /* WidgetExtensionExtension.appex in Embed Foundation Extensions */,
				39560F262AC17B91000A623D /* CountDays-Intent.appex in Embed Foundation Extensions */,
			);
			name = "Embed Foundation Extensions";
			runOnlyForDeploymentPostprocessing = 0;
		};
/* End PBXCopyFilesBuildPhase section */

/* Begin PBXFileReference section */
		394A5C702A9712DF006A7232 /* CountDays.app */ = {isa = PBXFileReference; explicitFileType = wrapper.application; includeInIndex = 0; path = CountDays.app; sourceTree = BUILT_PRODUCTS_DIR; };
		394A5C732A9712DF006A7232 /* CountDaysApp.swift */ = {isa = PBXFileReference; lastKnownFileType = sourcecode.swift; path = CountDaysApp.swift; sourceTree = "<group>"; };
		394A5C772A9712E0006A7232 /* Assets.xcassets */ = {isa = PBXFileReference; lastKnownFileType = folder.assetcatalog; path = Assets.xcassets; sourceTree = "<group>"; };
		394A5C7A2A9712E0006A7232 /* Preview Assets.xcassets */ = {isa = PBXFileReference; lastKnownFileType = folder.assetcatalog; path = "Preview Assets.xcassets"; sourceTree = "<group>"; };
		394A5C802A9712E0006A7232 /* CountDaysTests.xctest */ = {isa = PBXFileReference; explicitFileType = wrapper.cfbundle; includeInIndex = 0; path = CountDaysTests.xctest; sourceTree = BUILT_PRODUCTS_DIR; };
		394A5C842A9712E0006A7232 /* CountDaysTests.swift */ = {isa = PBXFileReference; lastKnownFileType = sourcecode.swift; path = CountDaysTests.swift; sourceTree = "<group>"; };
		394A5C8A2A9712E0006A7232 /* CountDaysUITests.xctest */ = {isa = PBXFileReference; explicitFileType = wrapper.cfbundle; includeInIndex = 0; path = CountDaysUITests.xctest; sourceTree = BUILT_PRODUCTS_DIR; };
		394A5C8E2A9712E0006A7232 /* CountDaysUITests.swift */ = {isa = PBXFileReference; lastKnownFileType = sourcecode.swift; path = CountDaysUITests.swift; sourceTree = "<group>"; };
		394A5C902A9712E0006A7232 /* CountDaysUITestsLaunchTests.swift */ = {isa = PBXFileReference; lastKnownFileType = sourcecode.swift; path = CountDaysUITestsLaunchTests.swift; sourceTree = "<group>"; };
		394A5C9D2A971349006A7232 /* ContentView.swift */ = {isa = PBXFileReference; fileEncoding = 4; lastKnownFileType = sourcecode.swift; path = ContentView.swift; sourceTree = "<group>"; };
		394A5CA22A9713C3006A7232 /* EventCard.swift */ = {isa = PBXFileReference; fileEncoding = 4; lastKnownFileType = sourcecode.swift; path = EventCard.swift; sourceTree = "<group>"; };
		394A5CA32A9713C3006A7232 /* ColorUtility.swift */ = {isa = PBXFileReference; fileEncoding = 4; lastKnownFileType = sourcecode.swift; path = ColorUtility.swift; sourceTree = "<group>"; };
		394A5CA42A9713C3006A7232 /* RealmModel.swift */ = {isa = PBXFileReference; fileEncoding = 4; lastKnownFileType = sourcecode.swift; path = RealmModel.swift; sourceTree = "<group>"; };
		394A5CA52A9713C3006A7232 /* NotificationCenter.swift */ = {isa = PBXFileReference; fileEncoding = 4; lastKnownFileType = sourcecode.swift; path = NotificationCenter.swift; sourceTree = "<group>"; };
		394A5CA62A9713C3006A7232 /* Color.swift */ = {isa = PBXFileReference; fileEncoding = 4; lastKnownFileType = sourcecode.swift; path = Color.swift; sourceTree = "<group>"; };
		394A5CA72A9713C3006A7232 /* Enum.swift */ = {isa = PBXFileReference; fileEncoding = 4; lastKnownFileType = sourcecode.swift; path = Enum.swift; sourceTree = "<group>"; };
		394A5CB62A97151A006A7232 /* EventCardViewModel.swift */ = {isa = PBXFileReference; fileEncoding = 4; lastKnownFileType = sourcecode.swift; path = EventCardViewModel.swift; sourceTree = "<group>"; };
		394A5CB72A97151A006A7232 /* RealmViewModel.swift */ = {isa = PBXFileReference; fileEncoding = 4; lastKnownFileType = sourcecode.swift; path = RealmViewModel.swift; sourceTree = "<group>"; };
		394A5CB82A97151A006A7232 /* DateViewModel.swift */ = {isa = PBXFileReference; fileEncoding = 4; lastKnownFileType = sourcecode.swift; path = DateViewModel.swift; sourceTree = "<group>"; };
		394A5CB92A97151A006A7232 /* CalendarViewModel.swift */ = {isa = PBXFileReference; fileEncoding = 4; lastKnownFileType = sourcecode.swift; path = CalendarViewModel.swift; sourceTree = "<group>"; };
		394A5CBE2A971528006A7232 /* EventCardView.swift */ = {isa = PBXFileReference; fileEncoding = 4; lastKnownFileType = sourcecode.swift; path = EventCardView.swift; sourceTree = "<group>"; };
		394A5CBF2A971528006A7232 /* AddEventView.swift */ = {isa = PBXFileReference; fileEncoding = 4; lastKnownFileType = sourcecode.swift; path = AddEventView.swift; sourceTree = "<group>"; };
		394A5CC22A971535006A7232 /* SettingView.swift */ = {isa = PBXFileReference; fileEncoding = 4; lastKnownFileType = sourcecode.swift; path = SettingView.swift; sourceTree = "<group>"; };
		394A5CC32A971535006A7232 /* MailView.swift */ = {isa = PBXFileReference; fileEncoding = 4; lastKnownFileType = sourcecode.swift; path = MailView.swift; sourceTree = "<group>"; };
		394A5CC42A971535006A7232 /* TermView.swift */ = {isa = PBXFileReference; fileEncoding = 4; lastKnownFileType = sourcecode.swift; path = TermView.swift; sourceTree = "<group>"; };
		394A5CC52A971535006A7232 /* PrivacyPolicyView.swift */ = {isa = PBXFileReference; fileEncoding = 4; lastKnownFileType = sourcecode.swift; path = PrivacyPolicyView.swift; sourceTree = "<group>"; };
		394A5CCA2A97153D006A7232 /* ConfigureDateView.swift */ = {isa = PBXFileReference; fileEncoding = 4; lastKnownFileType = sourcecode.swift; path = ConfigureDateView.swift; sourceTree = "<group>"; };
		394A5CCB2A97153D006A7232 /* CalendarView.swift */ = {isa = PBXFileReference; fileEncoding = 4; lastKnownFileType = sourcecode.swift; path = CalendarView.swift; sourceTree = "<group>"; };
		394A5CCC2A97153D006A7232 /* EventDetailConfigurationView.swift */ = {isa = PBXFileReference; fileEncoding = 4; lastKnownFileType = sourcecode.swift; path = EventDetailConfigurationView.swift; sourceTree = "<group>"; };
		394A5CCD2A97153D006A7232 /* ConfigureEventView.swift */ = {isa = PBXFileReference; fileEncoding = 4; lastKnownFileType = sourcecode.swift; path = ConfigureEventView.swift; sourceTree = "<group>"; };
		394A5CD22A971566006A7232 /* aaa.swift */ = {isa = PBXFileReference; fileEncoding = 4; lastKnownFileType = sourcecode.swift; path = aaa.swift; sourceTree = "<group>"; };
		394A5CD32A971566006A7232 /* TestView2.swift */ = {isa = PBXFileReference; fileEncoding = 4; lastKnownFileType = sourcecode.swift; path = TestView2.swift; sourceTree = "<group>"; };
		394A5CD42A971566006A7232 /* ViewExtension.swift */ = {isa = PBXFileReference; fileEncoding = 4; lastKnownFileType = sourcecode.swift; path = ViewExtension.swift; sourceTree = "<group>"; };
		394A5CD52A971566006A7232 /* EventConfigurationButtonStyle.swift */ = {isa = PBXFileReference; fileEncoding = 4; lastKnownFileType = sourcecode.swift; path = EventConfigurationButtonStyle.swift; sourceTree = "<group>"; };
		394A5CD62A971566006A7232 /* MainView.swift */ = {isa = PBXFileReference; fileEncoding = 4; lastKnownFileType = sourcecode.swift; path = MainView.swift; sourceTree = "<group>"; };
		394A5CD72A971566006A7232 /* AddEventButton.swift */ = {isa = PBXFileReference; fileEncoding = 4; lastKnownFileType = sourcecode.swift; path = AddEventButton.swift; sourceTree = "<group>"; };
		394A5CD82A971566006A7232 /* TestView.swift */ = {isa = PBXFileReference; fileEncoding = 4; lastKnownFileType = sourcecode.swift; path = TestView.swift; sourceTree = "<group>"; };
		394A5CD92A971567006A7232 /* CalendarView2.swift */ = {isa = PBXFileReference; fileEncoding = 4; lastKnownFileType = sourcecode.swift; path = CalendarView2.swift; sourceTree = "<group>"; };
		394A5CE22A9715DA006A7232 /* MockStore.swift */ = {isa = PBXFileReference; fileEncoding = 4; lastKnownFileType = sourcecode.swift; path = MockStore.swift; sourceTree = "<group>"; };
		394A5CEC2A971753006A7232 /* WidgetKit.framework */ = {isa = PBXFileReference; lastKnownFileType = wrapper.framework; name = WidgetKit.framework; path = System/Library/Frameworks/WidgetKit.framework; sourceTree = SDKROOT; };
		394A5CEE2A971753006A7232 /* SwiftUI.framework */ = {isa = PBXFileReference; lastKnownFileType = wrapper.framework; name = SwiftUI.framework; path = System/Library/Frameworks/SwiftUI.framework; sourceTree = SDKROOT; };
		394A5D042A97178B006A7232 /* CountDays.entitlements */ = {isa = PBXFileReference; lastKnownFileType = text.plist.entitlements; path = CountDays.entitlements; sourceTree = "<group>"; };
		394A5D052A9717D3006A7232 /* CountDaysWidgetExtension.entitlements */ = {isa = PBXFileReference; lastKnownFileType = text.plist.entitlements; path = CountDaysWidgetExtension.entitlements; sourceTree = "<group>"; };
		39560F1D2AC17B91000A623D /* CountDays-Intent.appex */ = {isa = PBXFileReference; explicitFileType = "wrapper.app-extension"; includeInIndex = 0; path = "CountDays-Intent.appex"; sourceTree = BUILT_PRODUCTS_DIR; };
		39560F1E2AC17B91000A623D /* Intents.framework */ = {isa = PBXFileReference; lastKnownFileType = wrapper.framework; name = Intents.framework; path = System/Library/Frameworks/Intents.framework; sourceTree = SDKROOT; };
		39560F212AC17B91000A623D /* IntentHandler.swift */ = {isa = PBXFileReference; lastKnownFileType = sourcecode.swift; path = IntentHandler.swift; sourceTree = "<group>"; };
		39560F232AC17B91000A623D /* Info.plist */ = {isa = PBXFileReference; lastKnownFileType = text.plist.xml; path = Info.plist; sourceTree = "<group>"; };
		39560F4B2AC19FE5000A623D /* CountDays-Intent.entitlements */ = {isa = PBXFileReference; lastKnownFileType = text.plist.entitlements; path = "CountDays-Intent.entitlements"; sourceTree = "<group>"; };
		39905D342ABA9F6B0019CEFB /* WidgetConfig.swift */ = {isa = PBXFileReference; lastKnownFileType = sourcecode.swift; path = WidgetConfig.swift; sourceTree = "<group>"; };
		39905D552ABAF38B0019CEFB /* WidgetExtensionExtension.entitlements */ = {isa = PBXFileReference; lastKnownFileType = text.plist.entitlements; path = WidgetExtensionExtension.entitlements; sourceTree = "<group>"; };
		39905D642ABAF6020019CEFB /* WidgetExtensionExtension.appex */ = {isa = PBXFileReference; explicitFileType = "wrapper.app-extension"; includeInIndex = 0; path = WidgetExtensionExtension.appex; sourceTree = BUILT_PRODUCTS_DIR; };
		39905D682ABAF6020019CEFB /* WidgetExtensionBundle.swift */ = {isa = PBXFileReference; lastKnownFileType = sourcecode.swift; path = WidgetExtensionBundle.swift; sourceTree = "<group>"; };
		39905D6A2ABAF6020019CEFB /* WidgetExtensionLiveActivity.swift */ = {isa = PBXFileReference; lastKnownFileType = sourcecode.swift; path = WidgetExtensionLiveActivity.swift; sourceTree = "<group>"; };
		39905D6C2ABAF6020019CEFB /* WidgetExtension.swift */ = {isa = PBXFileReference; lastKnownFileType = sourcecode.swift; path = WidgetExtension.swift; sourceTree = "<group>"; };
		39905D6E2ABAF6020019CEFB /* WidgetExtension.intentdefinition */ = {isa = PBXFileReference; lastKnownFileType = file.intentdefinition; path = WidgetExtension.intentdefinition; sourceTree = "<group>"; };
		39905D6F2ABAF6030019CEFB /* Assets.xcassets */ = {isa = PBXFileReference; lastKnownFileType = folder.assetcatalog; path = Assets.xcassets; sourceTree = "<group>"; };
		39905D712ABAF6030019CEFB /* Info.plist */ = {isa = PBXFileReference; lastKnownFileType = text.plist.xml; path = Info.plist; sourceTree = "<group>"; };
		39EC20BD2ACA77C300BD081D /* TestView4.swift */ = {isa = PBXFileReference; lastKnownFileType = sourcecode.swift; path = TestView4.swift; sourceTree = "<group>"; };
		39FFFA5E2A9992C0001AE0D7 /* TimePicker.swift */ = {isa = PBXFileReference; lastKnownFileType = sourcecode.swift; path = TimePicker.swift; sourceTree = "<group>"; };
		39FFFA602AA04FFB001AE0D7 /* HeaderView.swift */ = {isa = PBXFileReference; lastKnownFileType = sourcecode.swift; path = HeaderView.swift; sourceTree = "<group>"; };
		39FFFA622AA07366001AE0D7 /* StorekitTest.storekit */ = {isa = PBXFileReference; lastKnownFileType = text; path = StorekitTest.storekit; sourceTree = "<group>"; };
		39FFFA632AA07919001AE0D7 /* UpgradeView.swift */ = {isa = PBXFileReference; lastKnownFileType = sourcecode.swift; path = UpgradeView.swift; sourceTree = "<group>"; };
		39FFFA652AA07F37001AE0D7 /* ProductViewModel.swift */ = {isa = PBXFileReference; lastKnownFileType = sourcecode.swift; path = ProductViewModel.swift; sourceTree = "<group>"; };
		39FFFA672AA5C0CB001AE0D7 /* Store.swift */ = {isa = PBXFileReference; lastKnownFileType = sourcecode.swift; path = Store.swift; sourceTree = "<group>"; };
		39FFFA692AA74BF1001AE0D7 /* ImageModel.swift */ = {isa = PBXFileReference; lastKnownFileType = sourcecode.swift; path = ImageModel.swift; sourceTree = "<group>"; };
		39FFFA6B2AA7A783001AE0D7 /* VersionUpCheck.swift */ = {isa = PBXFileReference; lastKnownFileType = sourcecode.swift; path = VersionUpCheck.swift; sourceTree = "<group>"; };
		39FFFA6E2AA84656001AE0D7 /* Extension.swift */ = {isa = PBXFileReference; lastKnownFileType = sourcecode.swift; path = Extension.swift; sourceTree = "<group>"; };
		39FFFA712AA86667001AE0D7 /* WelcomeView.swift */ = {isa = PBXFileReference; lastKnownFileType = sourcecode.swift; path = WelcomeView.swift; sourceTree = "<group>"; };
		39FFFA732AA872B2001AE0D7 /* AppStorage.swift */ = {isa = PBXFileReference; lastKnownFileType = sourcecode.swift; path = AppStorage.swift; sourceTree = "<group>"; };
		39FFFA752AA8A7A2001AE0D7 /* BounceButtonStyle.swift */ = {isa = PBXFileReference; lastKnownFileType = sourcecode.swift; path = BounceButtonStyle.swift; sourceTree = "<group>"; };
		39FFFA772AA8AAE3001AE0D7 /* HapticFeedback.swift */ = {isa = PBXFileReference; lastKnownFileType = sourcecode.swift; path = HapticFeedback.swift; sourceTree = "<group>"; };
		39FFFA792AA9465D001AE0D7 /* Info.plist */ = {isa = PBXFileReference; lastKnownFileType = text.plist; path = Info.plist; sourceTree = "<group>"; };
		39FFFA7A2AA9C093001AE0D7 /* CustomImagePicker.swift */ = {isa = PBXFileReference; lastKnownFileType = sourcecode.swift; path = CustomImagePicker.swift; sourceTree = "<group>"; };
		39FFFA7E2AA9C318001AE0D7 /* TestView3.swift */ = {isa = PBXFileReference; lastKnownFileType = sourcecode.swift; path = TestView3.swift; sourceTree = "<group>"; };
		39FFFA812AAEB518001AE0D7 /* EventCardView2.swift */ = {isa = PBXFileReference; lastKnownFileType = sourcecode.swift; path = EventCardView2.swift; sourceTree = "<group>"; };
		39FFFA832AB19325001AE0D7 /* GoogleService-Info.plist */ = {isa = PBXFileReference; fileEncoding = 4; lastKnownFileType = text.plist.xml; path = "GoogleService-Info.plist"; sourceTree = "<group>"; };
		39FFFB452AB299C4001AE0D7 /* FirebaseAnalyticsManager.swift */ = {isa = PBXFileReference; lastKnownFileType = sourcecode.swift; path = FirebaseAnalyticsManager.swift; sourceTree = "<group>"; };
/* End PBXFileReference section */

/* Begin PBXFrameworksBuildPhase section */
		394A5C6D2A9712DF006A7232 /* Frameworks */ = {
			isa = PBXFrameworksBuildPhase;
			buildActionMask = 2147483647;
			files = (
				39FFFADB2AB1A753001AE0D7 /* FirebaseMessaging in Frameworks */,
				39FFFA582A973D7A001AE0D7 /* RealmSwift in Frameworks */,
				39FFFACD2AB1A752001AE0D7 /* FirebaseFirestoreSwift in Frameworks */,
				39FFFAB72AB1A751001AE0D7 /* FirebaseAnalyticsWithoutAdIdSupport in Frameworks */,
				39FFFACF2AB1A752001AE0D7 /* FirebaseFunctions in Frameworks */,
				39FFFA562A973D7A001AE0D7 /* Realm in Frameworks */,
				39FFFA532A973D6E001AE0D7 /* Algorithms in Frameworks */,
				39FFFABD2AB1A751001AE0D7 /* FirebaseAuth in Frameworks */,
				39FFFAC72AB1A752001AE0D7 /* FirebaseDynamicLinks in Frameworks */,
				39FFFAC12AB1A752001AE0D7 /* FirebaseCrashlytics in Frameworks */,
				39FFFAD92AB1A753001AE0D7 /* FirebaseMLModelDownloader in Frameworks */,
				39FFFAC52AB1A752001AE0D7 /* FirebaseDatabaseSwift in Frameworks */,
				39FFFAC92AB1A752001AE0D7 /* FirebaseFirestore in Frameworks */,
				39FFFAD72AB1A753001AE0D7 /* FirebaseInstallations in Frameworks */,
				39FFFAD12AB1A752001AE0D7 /* FirebaseFunctionsCombine-Community in Frameworks */,
				39FFFACB2AB1A752001AE0D7 /* FirebaseFirestoreCombine-Community in Frameworks */,
				39FFFAC32AB1A752001AE0D7 /* FirebaseDatabase in Frameworks */,
				39FFFADD2AB1A753001AE0D7 /* FirebasePerformance in Frameworks */,
				39FFFAB92AB1A751001AE0D7 /* FirebaseAppCheck in Frameworks */,
				39FFFAB32AB1A751001AE0D7 /* FirebaseAnalyticsOnDeviceConversion in Frameworks */,
				39FFFAD52AB1A753001AE0D7 /* FirebaseInAppMessagingSwift-Beta in Frameworks */,
				39FFFAE12AB1A754001AE0D7 /* FirebaseRemoteConfigSwift in Frameworks */,
				39FFFAB52AB1A751001AE0D7 /* FirebaseAnalyticsSwift in Frameworks */,
				39FFFABB2AB1A751001AE0D7 /* FirebaseAppDistribution-Beta in Frameworks */,
				39FFFADF2AB1A754001AE0D7 /* FirebaseRemoteConfig in Frameworks */,
				39FFFAE32AB1A754001AE0D7 /* FirebaseStorage in Frameworks */,
				39FFFABF2AB1A752001AE0D7 /* FirebaseAuthCombine-Community in Frameworks */,
				39FFFAE52AB1A754001AE0D7 /* FirebaseStorageCombine-Community in Frameworks */,
				39FFFAD32AB1A753001AE0D7 /* FirebaseInAppMessaging-Beta in Frameworks */,
			);
			runOnlyForDeploymentPostprocessing = 0;
		};
		394A5C7D2A9712E0006A7232 /* Frameworks */ = {
			isa = PBXFrameworksBuildPhase;
			buildActionMask = 2147483647;
			files = (
			);
			runOnlyForDeploymentPostprocessing = 0;
		};
		394A5C872A9712E0006A7232 /* Frameworks */ = {
			isa = PBXFrameworksBuildPhase;
			buildActionMask = 2147483647;
			files = (
			);
			runOnlyForDeploymentPostprocessing = 0;
		};
		39560F1A2AC17B91000A623D /* Frameworks */ = {
			isa = PBXFrameworksBuildPhase;
			buildActionMask = 2147483647;
			files = (
				39560F442AC19DA9000A623D /* RealmSwift in Frameworks */,
				39560F422AC19DA9000A623D /* Realm in Frameworks */,
				39560F1F2AC17B91000A623D /* Intents.framework in Frameworks */,
			);
			runOnlyForDeploymentPostprocessing = 0;
		};
		39905D612ABAF6020019CEFB /* Frameworks */ = {
			isa = PBXFrameworksBuildPhase;
			buildActionMask = 2147483647;
			files = (
				39905D7D2ABAF61A0019CEFB /* RealmSwift in Frameworks */,
				39905D7B2ABAF61A0019CEFB /* Realm in Frameworks */,
				39905D662ABAF6020019CEFB /* SwiftUI.framework in Frameworks */,
				39905D652ABAF6020019CEFB /* WidgetKit.framework in Frameworks */,
			);
			runOnlyForDeploymentPostprocessing = 0;
		};
/* End PBXFrameworksBuildPhase section */

/* Begin PBXGroup section */
		394A5C672A9712DF006A7232 = {
			isa = PBXGroup;
			children = (
				39905D552ABAF38B0019CEFB /* WidgetExtensionExtension.entitlements */,
				39FFFA622AA07366001AE0D7 /* StorekitTest.storekit */,
				394A5D052A9717D3006A7232 /* CountDaysWidgetExtension.entitlements */,
				394A5C722A9712DF006A7232 /* CountDays */,
				394A5CD22A971566006A7232 /* aaa.swift */,
				394A5CD72A971566006A7232 /* AddEventButton.swift */,
				394A5CD92A971567006A7232 /* CalendarView2.swift */,
				394A5CD52A971566006A7232 /* EventConfigurationButtonStyle.swift */,
				394A5CD42A971566006A7232 /* ViewExtension.swift */,
				394A5CE22A9715DA006A7232 /* MockStore.swift */,
				39FFFA832AB19325001AE0D7 /* GoogleService-Info.plist */,
				394A5C832A9712E0006A7232 /* CountDaysTests */,
				394A5C8D2A9712E0006A7232 /* CountDaysUITests */,
				39905D672ABAF6020019CEFB /* WidgetExtension */,
				39560F202AC17B91000A623D /* CountDays-Intent */,
				394A5CEB2A971753006A7232 /* Frameworks */,
				394A5C712A9712DF006A7232 /* Products */,
			);
			sourceTree = "<group>";
		};
		394A5C712A9712DF006A7232 /* Products */ = {
			isa = PBXGroup;
			children = (
				394A5C702A9712DF006A7232 /* CountDays.app */,
				394A5C802A9712E0006A7232 /* CountDaysTests.xctest */,
				394A5C8A2A9712E0006A7232 /* CountDaysUITests.xctest */,
				39905D642ABAF6020019CEFB /* WidgetExtensionExtension.appex */,
				39560F1D2AC17B91000A623D /* CountDays-Intent.appex */,
			);
			name = Products;
			sourceTree = "<group>";
		};
		394A5C722A9712DF006A7232 /* CountDays */ = {
			isa = PBXGroup;
			children = (
				39FFFA792AA9465D001AE0D7 /* Info.plist */,
				394A5D042A97178B006A7232 /* CountDays.entitlements */,
				394A5C9F2A9713A6006A7232 /* View */,
				394A5CA02A9713AD006A7232 /* ViewModel */,
				394A5CA12A9713B4006A7232 /* Model */,
				394A5C9D2A971349006A7232 /* ContentView.swift */,
				394A5C772A9712E0006A7232 /* Assets.xcassets */,
				394A5C792A9712E0006A7232 /* Preview Content */,
				39FFFA772AA8AAE3001AE0D7 /* HapticFeedback.swift */,
			);
			path = CountDays;
			sourceTree = "<group>";
		};
		394A5C792A9712E0006A7232 /* Preview Content */ = {
			isa = PBXGroup;
			children = (
				394A5C7A2A9712E0006A7232 /* Preview Assets.xcassets */,
			);
			path = "Preview Content";
			sourceTree = "<group>";
		};
		394A5C832A9712E0006A7232 /* CountDaysTests */ = {
			isa = PBXGroup;
			children = (
				394A5C842A9712E0006A7232 /* CountDaysTests.swift */,
			);
			path = CountDaysTests;
			sourceTree = "<group>";
		};
		394A5C8D2A9712E0006A7232 /* CountDaysUITests */ = {
			isa = PBXGroup;
			children = (
				394A5C8E2A9712E0006A7232 /* CountDaysUITests.swift */,
				394A5C902A9712E0006A7232 /* CountDaysUITestsLaunchTests.swift */,
			);
			path = CountDaysUITests;
			sourceTree = "<group>";
		};
		394A5C9F2A9713A6006A7232 /* View */ = {
			isa = PBXGroup;
			children = (
				394A5C732A9712DF006A7232 /* CountDaysApp.swift */,
				39FFFA712AA86667001AE0D7 /* WelcomeView.swift */,
				394A5CD62A971566006A7232 /* MainView.swift */,
				394A5CE52A9716B2006A7232 /* イベント設定 */,
				394A5CE42A9716A1006A7232 /* 設定 */,
				39FFFA802AAC3DC5001AE0D7 /* Sandbox */,
				394A5CBF2A971528006A7232 /* AddEventView.swift */,
				394A5CBE2A971528006A7232 /* EventCardView.swift */,
				39FFFA812AAEB518001AE0D7 /* EventCardView2.swift */,
				39FFFA602AA04FFB001AE0D7 /* HeaderView.swift */,
				39FFFA632AA07919001AE0D7 /* UpgradeView.swift */,
			);
			path = View;
			sourceTree = "<group>";
		};
		394A5CA02A9713AD006A7232 /* ViewModel */ = {
			isa = PBXGroup;
			children = (
				394A5CB92A97151A006A7232 /* CalendarViewModel.swift */,
				394A5CB82A97151A006A7232 /* DateViewModel.swift */,
				394A5CB62A97151A006A7232 /* EventCardViewModel.swift */,
				394A5CB72A97151A006A7232 /* RealmViewModel.swift */,
				39FFFA652AA07F37001AE0D7 /* ProductViewModel.swift */,
				39FFFA692AA74BF1001AE0D7 /* ImageModel.swift */,
			);
			path = ViewModel;
			sourceTree = "<group>";
		};
		394A5CA12A9713B4006A7232 /* Model */ = {
			isa = PBXGroup;
			children = (
				394A5CA62A9713C3006A7232 /* Color.swift */,
				394A5CA32A9713C3006A7232 /* ColorUtility.swift */,
				39FFFA732AA872B2001AE0D7 /* AppStorage.swift */,
				394A5CA72A9713C3006A7232 /* Enum.swift */,
				39FFFA6E2AA84656001AE0D7 /* Extension.swift */,
				394A5CA22A9713C3006A7232 /* EventCard.swift */,
				394A5CA52A9713C3006A7232 /* NotificationCenter.swift */,
				394A5CA42A9713C3006A7232 /* RealmModel.swift */,
				39FFFA5E2A9992C0001AE0D7 /* TimePicker.swift */,
				39FFFA672AA5C0CB001AE0D7 /* Store.swift */,
				39FFFA6B2AA7A783001AE0D7 /* VersionUpCheck.swift */,
				39FFFA752AA8A7A2001AE0D7 /* BounceButtonStyle.swift */,
				39FFFB452AB299C4001AE0D7 /* FirebaseAnalyticsManager.swift */,
				39905D342ABA9F6B0019CEFB /* WidgetConfig.swift */,
			);
			path = Model;
			sourceTree = "<group>";
		};
		394A5CE42A9716A1006A7232 /* 設定 */ = {
			isa = PBXGroup;
			children = (
				394A5CC22A971535006A7232 /* SettingView.swift */,
				394A5CC52A971535006A7232 /* PrivacyPolicyView.swift */,
				394A5CC42A971535006A7232 /* TermView.swift */,
				394A5CC32A971535006A7232 /* MailView.swift */,
			);
			path = "設定";
			sourceTree = "<group>";
		};
		394A5CE52A9716B2006A7232 /* イベント設定 */ = {
			isa = PBXGroup;
			children = (
				394A5CCD2A97153D006A7232 /* ConfigureEventView.swift */,
				394A5CCA2A97153D006A7232 /* ConfigureDateView.swift */,
				394A5CCB2A97153D006A7232 /* CalendarView.swift */,
				394A5CCC2A97153D006A7232 /* EventDetailConfigurationView.swift */,
				39FFFA7A2AA9C093001AE0D7 /* CustomImagePicker.swift */,
			);
			name = "イベント設定";
			path = "イベント";
			sourceTree = "<group>";
		};
		394A5CEB2A971753006A7232 /* Frameworks */ = {
			isa = PBXGroup;
			children = (
				394A5CEC2A971753006A7232 /* WidgetKit.framework */,
				394A5CEE2A971753006A7232 /* SwiftUI.framework */,
				39560F1E2AC17B91000A623D /* Intents.framework */,
			);
			name = Frameworks;
			sourceTree = "<group>";
		};
		39560F202AC17B91000A623D /* CountDays-Intent */ = {
			isa = PBXGroup;
			children = (
				39560F4B2AC19FE5000A623D /* CountDays-Intent.entitlements */,
				39560F212AC17B91000A623D /* IntentHandler.swift */,
				39560F232AC17B91000A623D /* Info.plist */,
			);
			path = "CountDays-Intent";
			sourceTree = "<group>";
		};
		39905D672ABAF6020019CEFB /* WidgetExtension */ = {
			isa = PBXGroup;
			children = (
				39905D682ABAF6020019CEFB /* WidgetExtensionBundle.swift */,
				39905D6A2ABAF6020019CEFB /* WidgetExtensionLiveActivity.swift */,
				39905D6C2ABAF6020019CEFB /* WidgetExtension.swift */,
				39905D6E2ABAF6020019CEFB /* WidgetExtension.intentdefinition */,
				39905D6F2ABAF6030019CEFB /* Assets.xcassets */,
				39905D712ABAF6030019CEFB /* Info.plist */,
			);
			path = WidgetExtension;
			sourceTree = "<group>";
		};
		39FFFA802AAC3DC5001AE0D7 /* Sandbox */ = {
			isa = PBXGroup;
			children = (
				394A5CD82A971566006A7232 /* TestView.swift */,
				394A5CD32A971566006A7232 /* TestView2.swift */,
				39FFFA7E2AA9C318001AE0D7 /* TestView3.swift */,
				39EC20BD2ACA77C300BD081D /* TestView4.swift */,
			);
			path = Sandbox;
			sourceTree = "<group>";
		};
/* End PBXGroup section */

/* Begin PBXNativeTarget section */
		394A5C6F2A9712DF006A7232 /* CountDays */ = {
			isa = PBXNativeTarget;
			buildConfigurationList = 394A5C942A9712E0006A7232 /* Build configuration list for PBXNativeTarget "CountDays" */;
			buildPhases = (
				394A5C6C2A9712DF006A7232 /* Sources */,
				394A5C6D2A9712DF006A7232 /* Frameworks */,
				394A5C6E2A9712DF006A7232 /* Resources */,
				394A5D032A971754006A7232 /* Embed Foundation Extensions */,
			);
			buildRules = (
			);
			dependencies = (
				39905D752ABAF6030019CEFB /* PBXTargetDependency */,
				39560F252AC17B91000A623D /* PBXTargetDependency */,
			);
			name = CountDays;
			packageProductDependencies = (
				39FFFA522A973D6E001AE0D7 /* Algorithms */,
				39FFFA552A973D7A001AE0D7 /* Realm */,
				39FFFA572A973D7A001AE0D7 /* RealmSwift */,
				39FFFAB22AB1A751001AE0D7 /* FirebaseAnalyticsOnDeviceConversion */,
				39FFFAB42AB1A751001AE0D7 /* FirebaseAnalyticsSwift */,
				39FFFAB62AB1A751001AE0D7 /* FirebaseAnalyticsWithoutAdIdSupport */,
				39FFFAB82AB1A751001AE0D7 /* FirebaseAppCheck */,
				39FFFABA2AB1A751001AE0D7 /* FirebaseAppDistribution-Beta */,
				39FFFABC2AB1A751001AE0D7 /* FirebaseAuth */,
				39FFFABE2AB1A752001AE0D7 /* FirebaseAuthCombine-Community */,
				39FFFAC02AB1A752001AE0D7 /* FirebaseCrashlytics */,
				39FFFAC22AB1A752001AE0D7 /* FirebaseDatabase */,
				39FFFAC42AB1A752001AE0D7 /* FirebaseDatabaseSwift */,
				39FFFAC62AB1A752001AE0D7 /* FirebaseDynamicLinks */,
				39FFFAC82AB1A752001AE0D7 /* FirebaseFirestore */,
				39FFFACA2AB1A752001AE0D7 /* FirebaseFirestoreCombine-Community */,
				39FFFACC2AB1A752001AE0D7 /* FirebaseFirestoreSwift */,
				39FFFACE2AB1A752001AE0D7 /* FirebaseFunctions */,
				39FFFAD02AB1A752001AE0D7 /* FirebaseFunctionsCombine-Community */,
				39FFFAD22AB1A753001AE0D7 /* FirebaseInAppMessaging-Beta */,
				39FFFAD42AB1A753001AE0D7 /* FirebaseInAppMessagingSwift-Beta */,
				39FFFAD62AB1A753001AE0D7 /* FirebaseInstallations */,
				39FFFAD82AB1A753001AE0D7 /* FirebaseMLModelDownloader */,
				39FFFADA2AB1A753001AE0D7 /* FirebaseMessaging */,
				39FFFADC2AB1A753001AE0D7 /* FirebasePerformance */,
				39FFFADE2AB1A754001AE0D7 /* FirebaseRemoteConfig */,
				39FFFAE02AB1A754001AE0D7 /* FirebaseRemoteConfigSwift */,
				39FFFAE22AB1A754001AE0D7 /* FirebaseStorage */,
				39FFFAE42AB1A754001AE0D7 /* FirebaseStorageCombine-Community */,
			);
			productName = CountDays;
			productReference = 394A5C702A9712DF006A7232 /* CountDays.app */;
			productType = "com.apple.product-type.application";
		};
		394A5C7F2A9712E0006A7232 /* CountDaysTests */ = {
			isa = PBXNativeTarget;
			buildConfigurationList = 394A5C972A9712E0006A7232 /* Build configuration list for PBXNativeTarget "CountDaysTests" */;
			buildPhases = (
				394A5C7C2A9712E0006A7232 /* Sources */,
				394A5C7D2A9712E0006A7232 /* Frameworks */,
				394A5C7E2A9712E0006A7232 /* Resources */,
			);
			buildRules = (
			);
			dependencies = (
				394A5C822A9712E0006A7232 /* PBXTargetDependency */,
			);
			name = CountDaysTests;
			productName = CountDaysTests;
			productReference = 394A5C802A9712E0006A7232 /* CountDaysTests.xctest */;
			productType = "com.apple.product-type.bundle.unit-test";
		};
		394A5C892A9712E0006A7232 /* CountDaysUITests */ = {
			isa = PBXNativeTarget;
			buildConfigurationList = 394A5C9A2A9712E0006A7232 /* Build configuration list for PBXNativeTarget "CountDaysUITests" */;
			buildPhases = (
				394A5C862A9712E0006A7232 /* Sources */,
				394A5C872A9712E0006A7232 /* Frameworks */,
				394A5C882A9712E0006A7232 /* Resources */,
			);
			buildRules = (
			);
			dependencies = (
				394A5C8C2A9712E0006A7232 /* PBXTargetDependency */,
			);
			name = CountDaysUITests;
			productName = CountDaysUITests;
			productReference = 394A5C8A2A9712E0006A7232 /* CountDaysUITests.xctest */;
			productType = "com.apple.product-type.bundle.ui-testing";
		};
		39560F1C2AC17B91000A623D /* CountDays-Intent */ = {
			isa = PBXNativeTarget;
			buildConfigurationList = 39560F272AC17B91000A623D /* Build configuration list for PBXNativeTarget "CountDays-Intent" */;
			buildPhases = (
				39560F192AC17B91000A623D /* Sources */,
				39560F1A2AC17B91000A623D /* Frameworks */,
				39560F1B2AC17B91000A623D /* Resources */,
			);
			buildRules = (
			);
			dependencies = (
			);
			name = "CountDays-Intent";
			packageProductDependencies = (
				39560F412AC19DA9000A623D /* Realm */,
				39560F432AC19DA9000A623D /* RealmSwift */,
			);
			productName = "CountDays-Intent";
			productReference = 39560F1D2AC17B91000A623D /* CountDays-Intent.appex */;
			productType = "com.apple.product-type.app-extension";
		};
		39905D632ABAF6020019CEFB /* WidgetExtensionExtension */ = {
			isa = PBXNativeTarget;
			buildConfigurationList = 39905D772ABAF6030019CEFB /* Build configuration list for PBXNativeTarget "WidgetExtensionExtension" */;
			buildPhases = (
				39905D602ABAF6020019CEFB /* Sources */,
				39905D612ABAF6020019CEFB /* Frameworks */,
				39905D622ABAF6020019CEFB /* Resources */,
			);
			buildRules = (
			);
			dependencies = (
			);
			name = WidgetExtensionExtension;
			packageProductDependencies = (
				39905D7A2ABAF61A0019CEFB /* Realm */,
				39905D7C2ABAF61A0019CEFB /* RealmSwift */,
			);
			productName = WidgetExtensionExtension;
			productReference = 39905D642ABAF6020019CEFB /* WidgetExtensionExtension.appex */;
			productType = "com.apple.product-type.app-extension";
		};
/* End PBXNativeTarget section */

/* Begin PBXProject section */
		394A5C682A9712DF006A7232 /* Project object */ = {
			isa = PBXProject;
			attributes = {
				BuildIndependentTargetsInParallel = 1;
				LastSwiftUpdateCheck = 1500;
				LastUpgradeCheck = 1420;
				TargetAttributes = {
					394A5C6F2A9712DF006A7232 = {
						CreatedOnToolsVersion = 14.2;
					};
					394A5C7F2A9712E0006A7232 = {
						CreatedOnToolsVersion = 14.2;
						TestTargetID = 394A5C6F2A9712DF006A7232;
					};
					394A5C892A9712E0006A7232 = {
						CreatedOnToolsVersion = 14.2;
						TestTargetID = 394A5C6F2A9712DF006A7232;
					};
					39560F1C2AC17B91000A623D = {
						CreatedOnToolsVersion = 15.0;
					};
					39905D632ABAF6020019CEFB = {
						CreatedOnToolsVersion = 14.2;
					};
				};
			};
			buildConfigurationList = 394A5C6B2A9712DF006A7232 /* Build configuration list for PBXProject "CountDays" */;
			compatibilityVersion = "Xcode 14.0";
			developmentRegion = en;
			hasScannedForEncodings = 0;
			knownRegions = (
				en,
				Base,
			);
			mainGroup = 394A5C672A9712DF006A7232;
			packageReferences = (
				39FFFA512A973D6E001AE0D7 /* XCRemoteSwiftPackageReference "swift-algorithms" */,
				39FFFA542A973D7A001AE0D7 /* XCRemoteSwiftPackageReference "realm-swift" */,
				39FFFAB12AB1A751001AE0D7 /* XCRemoteSwiftPackageReference "firebase-ios-sdk" */,
			);
			productRefGroup = 394A5C712A9712DF006A7232 /* Products */;
			projectDirPath = "";
			projectRoot = "";
			targets = (
				394A5C6F2A9712DF006A7232 /* CountDays */,
				394A5C7F2A9712E0006A7232 /* CountDaysTests */,
				394A5C892A9712E0006A7232 /* CountDaysUITests */,
				39905D632ABAF6020019CEFB /* WidgetExtensionExtension */,
				39560F1C2AC17B91000A623D /* CountDays-Intent */,
			);
		};
/* End PBXProject section */

/* Begin PBXResourcesBuildPhase section */
		394A5C6E2A9712DF006A7232 /* Resources */ = {
			isa = PBXResourcesBuildPhase;
			buildActionMask = 2147483647;
			files = (
				394A5C7B2A9712E0006A7232 /* Preview Assets.xcassets in Resources */,
				394A5C782A9712E0006A7232 /* Assets.xcassets in Resources */,
				39FFFA842AB19325001AE0D7 /* GoogleService-Info.plist in Resources */,
			);
			runOnlyForDeploymentPostprocessing = 0;
		};
		394A5C7E2A9712E0006A7232 /* Resources */ = {
			isa = PBXResourcesBuildPhase;
			buildActionMask = 2147483647;
			files = (
				39FFFA852AB19325001AE0D7 /* GoogleService-Info.plist in Resources */,
			);
			runOnlyForDeploymentPostprocessing = 0;
		};
		394A5C882A9712E0006A7232 /* Resources */ = {
			isa = PBXResourcesBuildPhase;
			buildActionMask = 2147483647;
			files = (
				39FFFA862AB19325001AE0D7 /* GoogleService-Info.plist in Resources */,
			);
			runOnlyForDeploymentPostprocessing = 0;
		};
		39560F1B2AC17B91000A623D /* Resources */ = {
			isa = PBXResourcesBuildPhase;
			buildActionMask = 2147483647;
			files = (
			);
			runOnlyForDeploymentPostprocessing = 0;
		};
		39905D622ABAF6020019CEFB /* Resources */ = {
			isa = PBXResourcesBuildPhase;
			buildActionMask = 2147483647;
			files = (
				39905D702ABAF6030019CEFB /* Assets.xcassets in Resources */,
			);
			runOnlyForDeploymentPostprocessing = 0;
		};
/* End PBXResourcesBuildPhase section */

/* Begin PBXSourcesBuildPhase section */
		394A5C6C2A9712DF006A7232 /* Sources */ = {
			isa = PBXSourcesBuildPhase;
			buildActionMask = 2147483647;
			files = (
				394A5CBD2A97151A006A7232 /* CalendarViewModel.swift in Sources */,
				394A5CE32A9715DB006A7232 /* MockStore.swift in Sources */,
				394A5CC12A971528006A7232 /* AddEventView.swift in Sources */,
				39FFFA762AA8A7A2001AE0D7 /* BounceButtonStyle.swift in Sources */,
				394A5CDA2A971567006A7232 /* aaa.swift in Sources */,
				394A5CE02A971567006A7232 /* TestView.swift in Sources */,
				394A5CBA2A97151A006A7232 /* EventCardViewModel.swift in Sources */,
				394A5CDC2A971567006A7232 /* ViewExtension.swift in Sources */,
				39FFFA5F2A9992C0001AE0D7 /* TimePicker.swift in Sources */,
				394A5CC92A971535006A7232 /* PrivacyPolicyView.swift in Sources */,
				394A5CA92A9713C3006A7232 /* ColorUtility.swift in Sources */,
				394A5CBB2A97151A006A7232 /* RealmViewModel.swift in Sources */,
				394A5CC02A971528006A7232 /* EventCardView.swift in Sources */,
				39FFFA722AA86667001AE0D7 /* WelcomeView.swift in Sources */,
				394A5CC62A971535006A7232 /* SettingView.swift in Sources */,
				394A5CC72A971535006A7232 /* MailView.swift in Sources */,
				394A5CC82A971535006A7232 /* TermView.swift in Sources */,
				394A5CCF2A97153D006A7232 /* CalendarView.swift in Sources */,
				394A5CAB2A9713C3006A7232 /* NotificationCenter.swift in Sources */,
				394A5CE12A971567006A7232 /* CalendarView2.swift in Sources */,
				39FFFA742AA872B2001AE0D7 /* AppStorage.swift in Sources */,
				39FFFA612AA04FFB001AE0D7 /* HeaderView.swift in Sources */,
				39FFFA822AAEB518001AE0D7 /* EventCardView2.swift in Sources */,
				394A5CDF2A971567006A7232 /* AddEventButton.swift in Sources */,
				394A5CAD2A9713C3006A7232 /* Enum.swift in Sources */,
				394A5CCE2A97153D006A7232 /* ConfigureDateView.swift in Sources */,
				394A5CAC2A9713C3006A7232 /* Color.swift in Sources */,
				394A5CD02A97153D006A7232 /* EventDetailConfigurationView.swift in Sources */,
				394A5CBC2A97151A006A7232 /* DateViewModel.swift in Sources */,
				394A5CDE2A971567006A7232 /* MainView.swift in Sources */,
				394A5CDD2A971567006A7232 /* EventConfigurationButtonStyle.swift in Sources */,
				39FFFA782AA8AAE3001AE0D7 /* HapticFeedback.swift in Sources */,
				394A5C9E2A971349006A7232 /* ContentView.swift in Sources */,
				39905D732ABAF6030019CEFB /* WidgetExtension.intentdefinition in Sources */,
				394A5CA82A9713C3006A7232 /* EventCard.swift in Sources */,
				39FFFA642AA07919001AE0D7 /* UpgradeView.swift in Sources */,
				39FFFB462AB299C4001AE0D7 /* FirebaseAnalyticsManager.swift in Sources */,
				39FFFA7B2AA9C093001AE0D7 /* CustomImagePicker.swift in Sources */,
				39FFFA6F2AA84656001AE0D7 /* Extension.swift in Sources */,
				39905D352ABA9F6B0019CEFB /* WidgetConfig.swift in Sources */,
				39FFFA6C2AA7A783001AE0D7 /* VersionUpCheck.swift in Sources */,
				39FFFA7F2AA9C318001AE0D7 /* TestView3.swift in Sources */,
				394A5CAA2A9713C3006A7232 /* RealmModel.swift in Sources */,
				39FFFA682AA5C0CB001AE0D7 /* Store.swift in Sources */,
				394A5CD12A97153D006A7232 /* ConfigureEventView.swift in Sources */,
				39905D7F2ABAFC3B0019CEFB /* WidgetExtension.swift in Sources */,
				39EC20BE2ACA77C300BD081D /* TestView4.swift in Sources */,
				394A5C742A9712DF006A7232 /* CountDaysApp.swift in Sources */,
				394A5CDB2A971567006A7232 /* TestView2.swift in Sources */,
				39FFFA6A2AA74BF1001AE0D7 /* ImageModel.swift in Sources */,
				39FFFA662AA07F37001AE0D7 /* ProductViewModel.swift in Sources */,
			);
			runOnlyForDeploymentPostprocessing = 0;
		};
		394A5C7C2A9712E0006A7232 /* Sources */ = {
			isa = PBXSourcesBuildPhase;
			buildActionMask = 2147483647;
			files = (
				394A5C852A9712E0006A7232 /* CountDaysTests.swift in Sources */,
			);
			runOnlyForDeploymentPostprocessing = 0;
		};
		394A5C862A9712E0006A7232 /* Sources */ = {
			isa = PBXSourcesBuildPhase;
			buildActionMask = 2147483647;
			files = (
				394A5C912A9712E0006A7232 /* CountDaysUITestsLaunchTests.swift in Sources */,
				394A5C8F2A9712E0006A7232 /* CountDaysUITests.swift in Sources */,
			);
			runOnlyForDeploymentPostprocessing = 0;
		};
		39560F192AC17B91000A623D /* Sources */ = {
			isa = PBXSourcesBuildPhase;
			buildActionMask = 2147483647;
			files = (
				39560F2A2AC17C9D000A623D /* WidgetExtension.intentdefinition in Sources */,
				39560F462AC19E00000A623D /* RealmModel.swift in Sources */,
				39EC20BA2AC8199800BD081D /* ColorUtility.swift in Sources */,
				39560F492AC19E2D000A623D /* Extension.swift in Sources */,
				39560F482AC19E1C000A623D /* Enum.swift in Sources */,
				39560F222AC17B91000A623D /* IntentHandler.swift in Sources */,
				39560F472AC19E13000A623D /* Color.swift in Sources */,
				39560F452AC19DF9000A623D /* RealmViewModel.swift in Sources */,
				39560F4A2AC19E3C000A623D /* WidgetConfig.swift in Sources */,
			);
			runOnlyForDeploymentPostprocessing = 0;
		};
		39905D602ABAF6020019CEFB /* Sources */ = {
			isa = PBXSourcesBuildPhase;
			buildActionMask = 2147483647;
			files = (
				39560F172ABF1FD0000A623D /* EventCardView2.swift in Sources */,
				39560F142ABF1E24000A623D /* EventCardViewModel.swift in Sources */,
				39905D722ABAF6030019CEFB /* WidgetExtension.intentdefinition in Sources */,
				39560F182ABF1FF5000A623D /* CalendarViewModel.swift in Sources */,
				39560F2B2AC18E87000A623D /* IntentHandler.swift in Sources */,
				39905D6B2ABAF6020019CEFB /* WidgetExtensionLiveActivity.swift in Sources */,
				39905D692ABAF6020019CEFB /* WidgetExtensionBundle.swift in Sources */,
				39560F162ABF1EAA000A623D /* RealmViewModel.swift in Sources */,
				39EC20B92AC8199800BD081D /* ColorUtility.swift in Sources */,
				39560F102ABF1DEE000A623D /* RealmModel.swift in Sources */,
				39560F122ABF1DFC000A623D /* Enum.swift in Sources */,
				39905D6D2ABAF6020019CEFB /* WidgetExtension.swift in Sources */,
				39560F112ABF1DF5000A623D /* Color.swift in Sources */,
				39560F132ABF1E10000A623D /* Extension.swift in Sources */,
				39560F152ABF1E5C000A623D /* WidgetConfig.swift in Sources */,
			);
			runOnlyForDeploymentPostprocessing = 0;
		};
/* End PBXSourcesBuildPhase section */

/* Begin PBXTargetDependency section */
		394A5C822A9712E0006A7232 /* PBXTargetDependency */ = {
			isa = PBXTargetDependency;
			target = 394A5C6F2A9712DF006A7232 /* CountDays */;
			targetProxy = 394A5C812A9712E0006A7232 /* PBXContainerItemProxy */;
		};
		394A5C8C2A9712E0006A7232 /* PBXTargetDependency */ = {
			isa = PBXTargetDependency;
			target = 394A5C6F2A9712DF006A7232 /* CountDays */;
			targetProxy = 394A5C8B2A9712E0006A7232 /* PBXContainerItemProxy */;
		};
		39560F252AC17B91000A623D /* PBXTargetDependency */ = {
			isa = PBXTargetDependency;
			target = 39560F1C2AC17B91000A623D /* CountDays-Intent */;
			targetProxy = 39560F242AC17B91000A623D /* PBXContainerItemProxy */;
		};
		39905D752ABAF6030019CEFB /* PBXTargetDependency */ = {
			isa = PBXTargetDependency;
			target = 39905D632ABAF6020019CEFB /* WidgetExtensionExtension */;
			targetProxy = 39905D742ABAF6030019CEFB /* PBXContainerItemProxy */;
		};
/* End PBXTargetDependency section */

/* Begin XCBuildConfiguration section */
		394A5C922A9712E0006A7232 /* Debug */ = {
			isa = XCBuildConfiguration;
			buildSettings = {
				ALWAYS_SEARCH_USER_PATHS = NO;
				CLANG_ANALYZER_NONNULL = YES;
				CLANG_ANALYZER_NUMBER_OBJECT_CONVERSION = YES_AGGRESSIVE;
				CLANG_CXX_LANGUAGE_STANDARD = "gnu++20";
				CLANG_ENABLE_MODULES = YES;
				CLANG_ENABLE_OBJC_ARC = YES;
				CLANG_ENABLE_OBJC_WEAK = YES;
				CLANG_WARN_BLOCK_CAPTURE_AUTORELEASING = YES;
				CLANG_WARN_BOOL_CONVERSION = YES;
				CLANG_WARN_COMMA = YES;
				CLANG_WARN_CONSTANT_CONVERSION = YES;
				CLANG_WARN_DEPRECATED_OBJC_IMPLEMENTATIONS = YES;
				CLANG_WARN_DIRECT_OBJC_ISA_USAGE = YES_ERROR;
				CLANG_WARN_DOCUMENTATION_COMMENTS = YES;
				CLANG_WARN_EMPTY_BODY = YES;
				CLANG_WARN_ENUM_CONVERSION = YES;
				CLANG_WARN_INFINITE_RECURSION = YES;
				CLANG_WARN_INT_CONVERSION = YES;
				CLANG_WARN_NON_LITERAL_NULL_CONVERSION = YES;
				CLANG_WARN_OBJC_IMPLICIT_RETAIN_SELF = YES;
				CLANG_WARN_OBJC_LITERAL_CONVERSION = YES;
				CLANG_WARN_OBJC_ROOT_CLASS = YES_ERROR;
				CLANG_WARN_QUOTED_INCLUDE_IN_FRAMEWORK_HEADER = YES;
				CLANG_WARN_RANGE_LOOP_ANALYSIS = YES;
				CLANG_WARN_STRICT_PROTOTYPES = YES;
				CLANG_WARN_SUSPICIOUS_MOVE = YES;
				CLANG_WARN_UNGUARDED_AVAILABILITY = YES_AGGRESSIVE;
				CLANG_WARN_UNREACHABLE_CODE = YES;
				CLANG_WARN__DUPLICATE_METHOD_MATCH = YES;
				COPY_PHASE_STRIP = NO;
				DEBUG_INFORMATION_FORMAT = dwarf;
				ENABLE_STRICT_OBJC_MSGSEND = YES;
				ENABLE_TESTABILITY = YES;
				GCC_C_LANGUAGE_STANDARD = gnu11;
				GCC_DYNAMIC_NO_PIC = NO;
				GCC_NO_COMMON_BLOCKS = YES;
				GCC_OPTIMIZATION_LEVEL = 0;
				GCC_PREPROCESSOR_DEFINITIONS = (
					"DEBUG=1",
					"$(inherited)",
				);
				GCC_WARN_64_TO_32_BIT_CONVERSION = YES;
				GCC_WARN_ABOUT_RETURN_TYPE = YES_ERROR;
				GCC_WARN_UNDECLARED_SELECTOR = YES;
				GCC_WARN_UNINITIALIZED_AUTOS = YES_AGGRESSIVE;
				GCC_WARN_UNUSED_FUNCTION = YES;
				GCC_WARN_UNUSED_VARIABLE = YES;
				IPHONEOS_DEPLOYMENT_TARGET = 16.2;
				MTL_ENABLE_DEBUG_INFO = INCLUDE_SOURCE;
				MTL_FAST_MATH = YES;
				ONLY_ACTIVE_ARCH = YES;
				SDKROOT = iphoneos;
				SWIFT_ACTIVE_COMPILATION_CONDITIONS = DEBUG;
				SWIFT_OPTIMIZATION_LEVEL = "-Onone";
			};
			name = Debug;
		};
		394A5C932A9712E0006A7232 /* Release */ = {
			isa = XCBuildConfiguration;
			buildSettings = {
				ALWAYS_SEARCH_USER_PATHS = NO;
				CLANG_ANALYZER_NONNULL = YES;
				CLANG_ANALYZER_NUMBER_OBJECT_CONVERSION = YES_AGGRESSIVE;
				CLANG_CXX_LANGUAGE_STANDARD = "gnu++20";
				CLANG_ENABLE_MODULES = YES;
				CLANG_ENABLE_OBJC_ARC = YES;
				CLANG_ENABLE_OBJC_WEAK = YES;
				CLANG_WARN_BLOCK_CAPTURE_AUTORELEASING = YES;
				CLANG_WARN_BOOL_CONVERSION = YES;
				CLANG_WARN_COMMA = YES;
				CLANG_WARN_CONSTANT_CONVERSION = YES;
				CLANG_WARN_DEPRECATED_OBJC_IMPLEMENTATIONS = YES;
				CLANG_WARN_DIRECT_OBJC_ISA_USAGE = YES_ERROR;
				CLANG_WARN_DOCUMENTATION_COMMENTS = YES;
				CLANG_WARN_EMPTY_BODY = YES;
				CLANG_WARN_ENUM_CONVERSION = YES;
				CLANG_WARN_INFINITE_RECURSION = YES;
				CLANG_WARN_INT_CONVERSION = YES;
				CLANG_WARN_NON_LITERAL_NULL_CONVERSION = YES;
				CLANG_WARN_OBJC_IMPLICIT_RETAIN_SELF = YES;
				CLANG_WARN_OBJC_LITERAL_CONVERSION = YES;
				CLANG_WARN_OBJC_ROOT_CLASS = YES_ERROR;
				CLANG_WARN_QUOTED_INCLUDE_IN_FRAMEWORK_HEADER = YES;
				CLANG_WARN_RANGE_LOOP_ANALYSIS = YES;
				CLANG_WARN_STRICT_PROTOTYPES = YES;
				CLANG_WARN_SUSPICIOUS_MOVE = YES;
				CLANG_WARN_UNGUARDED_AVAILABILITY = YES_AGGRESSIVE;
				CLANG_WARN_UNREACHABLE_CODE = YES;
				CLANG_WARN__DUPLICATE_METHOD_MATCH = YES;
				COPY_PHASE_STRIP = NO;
				DEBUG_INFORMATION_FORMAT = "dwarf-with-dsym";
				ENABLE_NS_ASSERTIONS = NO;
				ENABLE_STRICT_OBJC_MSGSEND = YES;
				GCC_C_LANGUAGE_STANDARD = gnu11;
				GCC_NO_COMMON_BLOCKS = YES;
				GCC_WARN_64_TO_32_BIT_CONVERSION = YES;
				GCC_WARN_ABOUT_RETURN_TYPE = YES_ERROR;
				GCC_WARN_UNDECLARED_SELECTOR = YES;
				GCC_WARN_UNINITIALIZED_AUTOS = YES_AGGRESSIVE;
				GCC_WARN_UNUSED_FUNCTION = YES;
				GCC_WARN_UNUSED_VARIABLE = YES;
				IPHONEOS_DEPLOYMENT_TARGET = 16.2;
				MTL_ENABLE_DEBUG_INFO = NO;
				MTL_FAST_MATH = YES;
				SDKROOT = iphoneos;
				SWIFT_COMPILATION_MODE = wholemodule;
				SWIFT_OPTIMIZATION_LEVEL = "-O";
				VALIDATE_PRODUCT = YES;
			};
			name = Release;
		};
		394A5C952A9712E0006A7232 /* Debug */ = {
			isa = XCBuildConfiguration;
			buildSettings = {
				ALWAYS_EMBED_SWIFT_STANDARD_LIBRARIES = YES;
				ASSETCATALOG_COMPILER_APPICON_NAME = AppIcon;
				ASSETCATALOG_COMPILER_GLOBAL_ACCENT_COLOR_NAME = AccentColor;
				CODE_SIGN_ENTITLEMENTS = CountDays/CountDays.entitlements;
				CODE_SIGN_IDENTITY = "Apple Development";
				CODE_SIGN_STYLE = Automatic;
				CURRENT_PROJECT_VERSION = 1;
				DEVELOPMENT_ASSET_PATHS = "\"CountDays/Preview Content\"";
				DEVELOPMENT_TEAM = PNV979YSS5;
				ENABLE_PREVIEWS = YES;
				GENERATE_INFOPLIST_FILE = YES;
				INFOPLIST_FILE = CountDays/Info.plist;
				INFOPLIST_KEY_UIApplicationSceneManifest_Generation = YES;
				INFOPLIST_KEY_UIApplicationSupportsIndirectInputEvents = YES;
				INFOPLIST_KEY_UILaunchScreen_Generation = YES;
				INFOPLIST_KEY_UISupportedInterfaceOrientations_iPad = "UIInterfaceOrientationPortrait UIInterfaceOrientationPortraitUpsideDown UIInterfaceOrientationLandscapeLeft UIInterfaceOrientationLandscapeRight";
				INFOPLIST_KEY_UISupportedInterfaceOrientations_iPhone = "UIInterfaceOrientationPortrait UIInterfaceOrientationLandscapeLeft UIInterfaceOrientationLandscapeRight";
				LD_RUNPATH_SEARCH_PATHS = (
					"$(inherited)",
					"@executable_path/Frameworks",
				);
				MARKETING_VERSION = 1.0;
				"OTHER_LDFLAGS[arch=*]" = "-Objc";
				PRODUCT_BUNDLE_IDENTIFIER = zakiyamaaaaa.CountDays;
				PRODUCT_NAME = "$(TARGET_NAME)";
				PROVISIONING_PROFILE_SPECIFIER = "";
				SWIFT_EMIT_LOC_STRINGS = YES;
				SWIFT_VERSION = 5.0;
				TARGETED_DEVICE_FAMILY = "1,2";
			};
			name = Debug;
		};
		394A5C962A9712E0006A7232 /* Release */ = {
			isa = XCBuildConfiguration;
			buildSettings = {
				ALWAYS_EMBED_SWIFT_STANDARD_LIBRARIES = YES;
				ASSETCATALOG_COMPILER_APPICON_NAME = AppIcon;
				ASSETCATALOG_COMPILER_GLOBAL_ACCENT_COLOR_NAME = AccentColor;
				CODE_SIGN_ENTITLEMENTS = CountDays/CountDays.entitlements;
				CODE_SIGN_IDENTITY = "Apple Development";
				CODE_SIGN_STYLE = Automatic;
				CURRENT_PROJECT_VERSION = 1;
				DEVELOPMENT_ASSET_PATHS = "\"CountDays/Preview Content\"";
				DEVELOPMENT_TEAM = PNV979YSS5;
				ENABLE_PREVIEWS = YES;
				GENERATE_INFOPLIST_FILE = YES;
				INFOPLIST_FILE = CountDays/Info.plist;
				INFOPLIST_KEY_UIApplicationSceneManifest_Generation = YES;
				INFOPLIST_KEY_UIApplicationSupportsIndirectInputEvents = YES;
				INFOPLIST_KEY_UILaunchScreen_Generation = YES;
				INFOPLIST_KEY_UISupportedInterfaceOrientations_iPad = "UIInterfaceOrientationPortrait UIInterfaceOrientationPortraitUpsideDown UIInterfaceOrientationLandscapeLeft UIInterfaceOrientationLandscapeRight";
				INFOPLIST_KEY_UISupportedInterfaceOrientations_iPhone = "UIInterfaceOrientationPortrait UIInterfaceOrientationLandscapeLeft UIInterfaceOrientationLandscapeRight";
				LD_RUNPATH_SEARCH_PATHS = (
					"$(inherited)",
					"@executable_path/Frameworks",
				);
				MARKETING_VERSION = 1.0;
				PRODUCT_BUNDLE_IDENTIFIER = zakiyamaaaaa.CountDays;
				PRODUCT_NAME = "$(TARGET_NAME)";
				PROVISIONING_PROFILE_SPECIFIER = "";
				SWIFT_EMIT_LOC_STRINGS = YES;
				SWIFT_VERSION = 5.0;
				TARGETED_DEVICE_FAMILY = "1,2";
			};
			name = Release;
		};
		394A5C982A9712E0006A7232 /* Debug */ = {
			isa = XCBuildConfiguration;
			buildSettings = {
				ALWAYS_EMBED_SWIFT_STANDARD_LIBRARIES = YES;
				BUNDLE_LOADER = "$(TEST_HOST)";
				CODE_SIGN_STYLE = Automatic;
				CURRENT_PROJECT_VERSION = 1;
				DEVELOPMENT_TEAM = Q5HUKBE6ZQ;
				GENERATE_INFOPLIST_FILE = YES;
				IPHONEOS_DEPLOYMENT_TARGET = 16.2;
				MARKETING_VERSION = 1.0;
				PRODUCT_BUNDLE_IDENTIFIER = zakiyamaaaaa.CountDaysTests;
				PRODUCT_NAME = "$(TARGET_NAME)";
				SWIFT_EMIT_LOC_STRINGS = NO;
				SWIFT_VERSION = 5.0;
				TARGETED_DEVICE_FAMILY = "1,2";
				TEST_HOST = "$(BUILT_PRODUCTS_DIR)/CountDays.app/$(BUNDLE_EXECUTABLE_FOLDER_PATH)/CountDays";
			};
			name = Debug;
		};
		394A5C992A9712E0006A7232 /* Release */ = {
			isa = XCBuildConfiguration;
			buildSettings = {
				ALWAYS_EMBED_SWIFT_STANDARD_LIBRARIES = YES;
				BUNDLE_LOADER = "$(TEST_HOST)";
				CODE_SIGN_STYLE = Automatic;
				CURRENT_PROJECT_VERSION = 1;
				DEVELOPMENT_TEAM = Q5HUKBE6ZQ;
				GENERATE_INFOPLIST_FILE = YES;
				IPHONEOS_DEPLOYMENT_TARGET = 16.2;
				MARKETING_VERSION = 1.0;
				PRODUCT_BUNDLE_IDENTIFIER = zakiyamaaaaa.CountDaysTests;
				PRODUCT_NAME = "$(TARGET_NAME)";
				SWIFT_EMIT_LOC_STRINGS = NO;
				SWIFT_VERSION = 5.0;
				TARGETED_DEVICE_FAMILY = "1,2";
				TEST_HOST = "$(BUILT_PRODUCTS_DIR)/CountDays.app/$(BUNDLE_EXECUTABLE_FOLDER_PATH)/CountDays";
			};
			name = Release;
		};
		394A5C9B2A9712E0006A7232 /* Debug */ = {
			isa = XCBuildConfiguration;
			buildSettings = {
				ALWAYS_EMBED_SWIFT_STANDARD_LIBRARIES = YES;
				CODE_SIGN_STYLE = Automatic;
				CURRENT_PROJECT_VERSION = 1;
				DEVELOPMENT_TEAM = Q5HUKBE6ZQ;
				GENERATE_INFOPLIST_FILE = YES;
				MARKETING_VERSION = 1.0;
				PRODUCT_BUNDLE_IDENTIFIER = zakiyamaaaaa.CountDaysUITests;
				PRODUCT_NAME = "$(TARGET_NAME)";
				SWIFT_EMIT_LOC_STRINGS = NO;
				SWIFT_VERSION = 5.0;
				TARGETED_DEVICE_FAMILY = "1,2";
				TEST_TARGET_NAME = CountDays;
			};
			name = Debug;
		};
		394A5C9C2A9712E0006A7232 /* Release */ = {
			isa = XCBuildConfiguration;
			buildSettings = {
				ALWAYS_EMBED_SWIFT_STANDARD_LIBRARIES = YES;
				CODE_SIGN_STYLE = Automatic;
				CURRENT_PROJECT_VERSION = 1;
				DEVELOPMENT_TEAM = Q5HUKBE6ZQ;
				GENERATE_INFOPLIST_FILE = YES;
				MARKETING_VERSION = 1.0;
				PRODUCT_BUNDLE_IDENTIFIER = zakiyamaaaaa.CountDaysUITests;
				PRODUCT_NAME = "$(TARGET_NAME)";
				SWIFT_EMIT_LOC_STRINGS = NO;
				SWIFT_VERSION = 5.0;
				TARGETED_DEVICE_FAMILY = "1,2";
				TEST_TARGET_NAME = CountDays;
			};
			name = Release;
		};
		39560F282AC17B91000A623D /* Debug */ = {
			isa = XCBuildConfiguration;
			buildSettings = {
				ASSETCATALOG_COMPILER_GENERATE_SWIFT_ASSET_SYMBOL_EXTENSIONS = YES;
				CODE_SIGN_ENTITLEMENTS = "CountDays-Intent/CountDays-Intent.entitlements";
				CODE_SIGN_STYLE = Automatic;
				CURRENT_PROJECT_VERSION = 1;
				DEVELOPMENT_TEAM = PNV979YSS5;
				ENABLE_USER_SCRIPT_SANDBOXING = YES;
				GCC_C_LANGUAGE_STANDARD = gnu17;
				GENERATE_INFOPLIST_FILE = YES;
				INFOPLIST_FILE = "CountDays-Intent/Info.plist";
				INFOPLIST_KEY_CFBundleDisplayName = "CountDays-Intent";
				INFOPLIST_KEY_NSHumanReadableCopyright = "";
				IPHONEOS_DEPLOYMENT_TARGET = 17.0;
				LD_RUNPATH_SEARCH_PATHS = (
					"$(inherited)",
					"@executable_path/Frameworks",
					"@executable_path/../../Frameworks",
				);
				LOCALIZATION_PREFERS_STRING_CATALOGS = YES;
				MARKETING_VERSION = 1.0;
				PRODUCT_BUNDLE_IDENTIFIER = "zakiyamaaaaa.CountDays.CountDays-Intent";
				PRODUCT_NAME = "$(TARGET_NAME)";
				SKIP_INSTALL = YES;
				SWIFT_ACTIVE_COMPILATION_CONDITIONS = "DEBUG $(inherited)";
				SWIFT_EMIT_LOC_STRINGS = YES;
				SWIFT_VERSION = 5.0;
				TARGETED_DEVICE_FAMILY = "1,2";
			};
			name = Debug;
		};
		39560F292AC17B91000A623D /* Release */ = {
			isa = XCBuildConfiguration;
			buildSettings = {
				ASSETCATALOG_COMPILER_GENERATE_SWIFT_ASSET_SYMBOL_EXTENSIONS = YES;
				CODE_SIGN_ENTITLEMENTS = "CountDays-Intent/CountDays-Intent.entitlements";
				CODE_SIGN_STYLE = Automatic;
				CURRENT_PROJECT_VERSION = 1;
				DEVELOPMENT_TEAM = PNV979YSS5;
				ENABLE_USER_SCRIPT_SANDBOXING = YES;
				GCC_C_LANGUAGE_STANDARD = gnu17;
				GENERATE_INFOPLIST_FILE = YES;
				INFOPLIST_FILE = "CountDays-Intent/Info.plist";
				INFOPLIST_KEY_CFBundleDisplayName = "CountDays-Intent";
				INFOPLIST_KEY_NSHumanReadableCopyright = "";
				IPHONEOS_DEPLOYMENT_TARGET = 17.0;
				LD_RUNPATH_SEARCH_PATHS = (
					"$(inherited)",
					"@executable_path/Frameworks",
					"@executable_path/../../Frameworks",
				);
				LOCALIZATION_PREFERS_STRING_CATALOGS = YES;
				MARKETING_VERSION = 1.0;
				PRODUCT_BUNDLE_IDENTIFIER = "zakiyamaaaaa.CountDays.CountDays-Intent";
				PRODUCT_NAME = "$(TARGET_NAME)";
				SKIP_INSTALL = YES;
				SWIFT_EMIT_LOC_STRINGS = YES;
				SWIFT_VERSION = 5.0;
				TARGETED_DEVICE_FAMILY = "1,2";
			};
			name = Release;
		};
		39905D782ABAF6030019CEFB /* Debug */ = {
			isa = XCBuildConfiguration;
			buildSettings = {
				ASSETCATALOG_COMPILER_GLOBAL_ACCENT_COLOR_NAME = AccentColor;
				ASSETCATALOG_COMPILER_WIDGET_BACKGROUND_COLOR_NAME = WidgetBackground;
				CODE_SIGN_ENTITLEMENTS = WidgetExtensionExtension.entitlements;
				CODE_SIGN_STYLE = Automatic;
				CURRENT_PROJECT_VERSION = 1;
				DEVELOPMENT_TEAM = PNV979YSS5;
				GENERATE_INFOPLIST_FILE = YES;
				INFOPLIST_FILE = WidgetExtension/Info.plist;
				INFOPLIST_KEY_CFBundleDisplayName = WidgetExtension;
				INFOPLIST_KEY_NSHumanReadableCopyright = "";
				LD_RUNPATH_SEARCH_PATHS = (
					"$(inherited)",
					"@executable_path/Frameworks",
					"@executable_path/../../Frameworks",
				);
				MARKETING_VERSION = 1.0;
				PRODUCT_BUNDLE_IDENTIFIER = zakiyamaaaaa.CountDays.WidgetExtension;
				PRODUCT_NAME = "$(TARGET_NAME)";
				SKIP_INSTALL = YES;
				SWIFT_EMIT_LOC_STRINGS = YES;
				SWIFT_VERSION = 5.0;
				TARGETED_DEVICE_FAMILY = "1,2";
			};
			name = Debug;
		};
		39905D792ABAF6030019CEFB /* Release */ = {
			isa = XCBuildConfiguration;
			buildSettings = {
				ASSETCATALOG_COMPILER_GLOBAL_ACCENT_COLOR_NAME = AccentColor;
				ASSETCATALOG_COMPILER_WIDGET_BACKGROUND_COLOR_NAME = WidgetBackground;
				CODE_SIGN_ENTITLEMENTS = WidgetExtensionExtension.entitlements;
				CODE_SIGN_STYLE = Automatic;
				CURRENT_PROJECT_VERSION = 1;
				DEVELOPMENT_TEAM = PNV979YSS5;
				GENERATE_INFOPLIST_FILE = YES;
				INFOPLIST_FILE = WidgetExtension/Info.plist;
				INFOPLIST_KEY_CFBundleDisplayName = WidgetExtension;
				INFOPLIST_KEY_NSHumanReadableCopyright = "";
				LD_RUNPATH_SEARCH_PATHS = (
					"$(inherited)",
					"@executable_path/Frameworks",
					"@executable_path/../../Frameworks",
				);
				MARKETING_VERSION = 1.0;
				PRODUCT_BUNDLE_IDENTIFIER = zakiyamaaaaa.CountDays.WidgetExtension;
				PRODUCT_NAME = "$(TARGET_NAME)";
				SKIP_INSTALL = YES;
				SWIFT_EMIT_LOC_STRINGS = YES;
				SWIFT_VERSION = 5.0;
				TARGETED_DEVICE_FAMILY = "1,2";
			};
			name = Release;
		};
/* End XCBuildConfiguration section */

/* Begin XCConfigurationList section */
		394A5C6B2A9712DF006A7232 /* Build configuration list for PBXProject "CountDays" */ = {
			isa = XCConfigurationList;
			buildConfigurations = (
				394A5C922A9712E0006A7232 /* Debug */,
				394A5C932A9712E0006A7232 /* Release */,
			);
			defaultConfigurationIsVisible = 0;
			defaultConfigurationName = Release;
		};
		394A5C942A9712E0006A7232 /* Build configuration list for PBXNativeTarget "CountDays" */ = {
			isa = XCConfigurationList;
			buildConfigurations = (
				394A5C952A9712E0006A7232 /* Debug */,
				394A5C962A9712E0006A7232 /* Release */,
			);
			defaultConfigurationIsVisible = 0;
			defaultConfigurationName = Release;
		};
		394A5C972A9712E0006A7232 /* Build configuration list for PBXNativeTarget "CountDaysTests" */ = {
			isa = XCConfigurationList;
			buildConfigurations = (
				394A5C982A9712E0006A7232 /* Debug */,
				394A5C992A9712E0006A7232 /* Release */,
			);
			defaultConfigurationIsVisible = 0;
			defaultConfigurationName = Release;
		};
		394A5C9A2A9712E0006A7232 /* Build configuration list for PBXNativeTarget "CountDaysUITests" */ = {
			isa = XCConfigurationList;
			buildConfigurations = (
				394A5C9B2A9712E0006A7232 /* Debug */,
				394A5C9C2A9712E0006A7232 /* Release */,
			);
			defaultConfigurationIsVisible = 0;
			defaultConfigurationName = Release;
		};
		39560F272AC17B91000A623D /* Build configuration list for PBXNativeTarget "CountDays-Intent" */ = {
			isa = XCConfigurationList;
			buildConfigurations = (
				39560F282AC17B91000A623D /* Debug */,
				39560F292AC17B91000A623D /* Release */,
			);
			defaultConfigurationIsVisible = 0;
			defaultConfigurationName = Release;
		};
		39905D772ABAF6030019CEFB /* Build configuration list for PBXNativeTarget "WidgetExtensionExtension" */ = {
			isa = XCConfigurationList;
			buildConfigurations = (
				39905D782ABAF6030019CEFB /* Debug */,
				39905D792ABAF6030019CEFB /* Release */,
			);
			defaultConfigurationIsVisible = 0;
			defaultConfigurationName = Release;
		};
/* End XCConfigurationList section */

/* Begin XCRemoteSwiftPackageReference section */
		39FFFA512A973D6E001AE0D7 /* XCRemoteSwiftPackageReference "swift-algorithms" */ = {
			isa = XCRemoteSwiftPackageReference;
			repositoryURL = "https://github.com/apple/swift-algorithms.git";
			requirement = {
				kind = upToNextMajorVersion;
				minimumVersion = 1.0.0;
			};
		};
		39FFFA542A973D7A001AE0D7 /* XCRemoteSwiftPackageReference "realm-swift" */ = {
			isa = XCRemoteSwiftPackageReference;
			repositoryURL = "https://github.com/realm/realm-swift.git";
			requirement = {
				branch = master;
				kind = branch;
			};
		};
		39FFFAB12AB1A751001AE0D7 /* XCRemoteSwiftPackageReference "firebase-ios-sdk" */ = {
			isa = XCRemoteSwiftPackageReference;
			repositoryURL = "https://github.com/firebase/firebase-ios-sdk";
			requirement = {
				branch = master;
				kind = branch;
			};
		};
/* End XCRemoteSwiftPackageReference section */

/* Begin XCSwiftPackageProductDependency section */
		39560F412AC19DA9000A623D /* Realm */ = {
			isa = XCSwiftPackageProductDependency;
			package = 39FFFA542A973D7A001AE0D7 /* XCRemoteSwiftPackageReference "realm-swift" */;
			productName = Realm;
		};
		39560F432AC19DA9000A623D /* RealmSwift */ = {
			isa = XCSwiftPackageProductDependency;
			package = 39FFFA542A973D7A001AE0D7 /* XCRemoteSwiftPackageReference "realm-swift" */;
			productName = RealmSwift;
		};
		39905D7A2ABAF61A0019CEFB /* Realm */ = {
			isa = XCSwiftPackageProductDependency;
			package = 39FFFA542A973D7A001AE0D7 /* XCRemoteSwiftPackageReference "realm-swift" */;
			productName = Realm;
		};
		39905D7C2ABAF61A0019CEFB /* RealmSwift */ = {
			isa = XCSwiftPackageProductDependency;
			package = 39FFFA542A973D7A001AE0D7 /* XCRemoteSwiftPackageReference "realm-swift" */;
			productName = RealmSwift;
		};
		39FFFA522A973D6E001AE0D7 /* Algorithms */ = {
			isa = XCSwiftPackageProductDependency;
			package = 39FFFA512A973D6E001AE0D7 /* XCRemoteSwiftPackageReference "swift-algorithms" */;
			productName = Algorithms;
		};
		39FFFA552A973D7A001AE0D7 /* Realm */ = {
			isa = XCSwiftPackageProductDependency;
			package = 39FFFA542A973D7A001AE0D7 /* XCRemoteSwiftPackageReference "realm-swift" */;
			productName = Realm;
		};
		39FFFA572A973D7A001AE0D7 /* RealmSwift */ = {
			isa = XCSwiftPackageProductDependency;
			package = 39FFFA542A973D7A001AE0D7 /* XCRemoteSwiftPackageReference "realm-swift" */;
			productName = RealmSwift;
		};
		39FFFAB22AB1A751001AE0D7 /* FirebaseAnalyticsOnDeviceConversion */ = {
			isa = XCSwiftPackageProductDependency;
			package = 39FFFAB12AB1A751001AE0D7 /* XCRemoteSwiftPackageReference "firebase-ios-sdk" */;
			productName = FirebaseAnalyticsOnDeviceConversion;
		};
		39FFFAB42AB1A751001AE0D7 /* FirebaseAnalyticsSwift */ = {
			isa = XCSwiftPackageProductDependency;
			package = 39FFFAB12AB1A751001AE0D7 /* XCRemoteSwiftPackageReference "firebase-ios-sdk" */;
			productName = FirebaseAnalyticsSwift;
		};
		39FFFAB62AB1A751001AE0D7 /* FirebaseAnalyticsWithoutAdIdSupport */ = {
			isa = XCSwiftPackageProductDependency;
			package = 39FFFAB12AB1A751001AE0D7 /* XCRemoteSwiftPackageReference "firebase-ios-sdk" */;
			productName = FirebaseAnalyticsWithoutAdIdSupport;
		};
		39FFFAB82AB1A751001AE0D7 /* FirebaseAppCheck */ = {
			isa = XCSwiftPackageProductDependency;
			package = 39FFFAB12AB1A751001AE0D7 /* XCRemoteSwiftPackageReference "firebase-ios-sdk" */;
			productName = FirebaseAppCheck;
		};
		39FFFABA2AB1A751001AE0D7 /* FirebaseAppDistribution-Beta */ = {
			isa = XCSwiftPackageProductDependency;
			package = 39FFFAB12AB1A751001AE0D7 /* XCRemoteSwiftPackageReference "firebase-ios-sdk" */;
			productName = "FirebaseAppDistribution-Beta";
		};
		39FFFABC2AB1A751001AE0D7 /* FirebaseAuth */ = {
			isa = XCSwiftPackageProductDependency;
			package = 39FFFAB12AB1A751001AE0D7 /* XCRemoteSwiftPackageReference "firebase-ios-sdk" */;
			productName = FirebaseAuth;
		};
		39FFFABE2AB1A752001AE0D7 /* FirebaseAuthCombine-Community */ = {
			isa = XCSwiftPackageProductDependency;
			package = 39FFFAB12AB1A751001AE0D7 /* XCRemoteSwiftPackageReference "firebase-ios-sdk" */;
			productName = "FirebaseAuthCombine-Community";
		};
		39FFFAC02AB1A752001AE0D7 /* FirebaseCrashlytics */ = {
			isa = XCSwiftPackageProductDependency;
			package = 39FFFAB12AB1A751001AE0D7 /* XCRemoteSwiftPackageReference "firebase-ios-sdk" */;
			productName = FirebaseCrashlytics;
		};
		39FFFAC22AB1A752001AE0D7 /* FirebaseDatabase */ = {
			isa = XCSwiftPackageProductDependency;
			package = 39FFFAB12AB1A751001AE0D7 /* XCRemoteSwiftPackageReference "firebase-ios-sdk" */;
			productName = FirebaseDatabase;
		};
		39FFFAC42AB1A752001AE0D7 /* FirebaseDatabaseSwift */ = {
			isa = XCSwiftPackageProductDependency;
			package = 39FFFAB12AB1A751001AE0D7 /* XCRemoteSwiftPackageReference "firebase-ios-sdk" */;
			productName = FirebaseDatabaseSwift;
		};
		39FFFAC62AB1A752001AE0D7 /* FirebaseDynamicLinks */ = {
			isa = XCSwiftPackageProductDependency;
			package = 39FFFAB12AB1A751001AE0D7 /* XCRemoteSwiftPackageReference "firebase-ios-sdk" */;
			productName = FirebaseDynamicLinks;
		};
		39FFFAC82AB1A752001AE0D7 /* FirebaseFirestore */ = {
			isa = XCSwiftPackageProductDependency;
			package = 39FFFAB12AB1A751001AE0D7 /* XCRemoteSwiftPackageReference "firebase-ios-sdk" */;
			productName = FirebaseFirestore;
		};
		39FFFACA2AB1A752001AE0D7 /* FirebaseFirestoreCombine-Community */ = {
			isa = XCSwiftPackageProductDependency;
			package = 39FFFAB12AB1A751001AE0D7 /* XCRemoteSwiftPackageReference "firebase-ios-sdk" */;
			productName = "FirebaseFirestoreCombine-Community";
		};
		39FFFACC2AB1A752001AE0D7 /* FirebaseFirestoreSwift */ = {
			isa = XCSwiftPackageProductDependency;
			package = 39FFFAB12AB1A751001AE0D7 /* XCRemoteSwiftPackageReference "firebase-ios-sdk" */;
			productName = FirebaseFirestoreSwift;
		};
		39FFFACE2AB1A752001AE0D7 /* FirebaseFunctions */ = {
			isa = XCSwiftPackageProductDependency;
			package = 39FFFAB12AB1A751001AE0D7 /* XCRemoteSwiftPackageReference "firebase-ios-sdk" */;
			productName = FirebaseFunctions;
		};
		39FFFAD02AB1A752001AE0D7 /* FirebaseFunctionsCombine-Community */ = {
			isa = XCSwiftPackageProductDependency;
			package = 39FFFAB12AB1A751001AE0D7 /* XCRemoteSwiftPackageReference "firebase-ios-sdk" */;
			productName = "FirebaseFunctionsCombine-Community";
		};
		39FFFAD22AB1A753001AE0D7 /* FirebaseInAppMessaging-Beta */ = {
			isa = XCSwiftPackageProductDependency;
			package = 39FFFAB12AB1A751001AE0D7 /* XCRemoteSwiftPackageReference "firebase-ios-sdk" */;
			productName = "FirebaseInAppMessaging-Beta";
		};
		39FFFAD42AB1A753001AE0D7 /* FirebaseInAppMessagingSwift-Beta */ = {
			isa = XCSwiftPackageProductDependency;
			package = 39FFFAB12AB1A751001AE0D7 /* XCRemoteSwiftPackageReference "firebase-ios-sdk" */;
			productName = "FirebaseInAppMessagingSwift-Beta";
		};
		39FFFAD62AB1A753001AE0D7 /* FirebaseInstallations */ = {
			isa = XCSwiftPackageProductDependency;
			package = 39FFFAB12AB1A751001AE0D7 /* XCRemoteSwiftPackageReference "firebase-ios-sdk" */;
			productName = FirebaseInstallations;
		};
		39FFFAD82AB1A753001AE0D7 /* FirebaseMLModelDownloader */ = {
			isa = XCSwiftPackageProductDependency;
			package = 39FFFAB12AB1A751001AE0D7 /* XCRemoteSwiftPackageReference "firebase-ios-sdk" */;
			productName = FirebaseMLModelDownloader;
		};
		39FFFADA2AB1A753001AE0D7 /* FirebaseMessaging */ = {
			isa = XCSwiftPackageProductDependency;
			package = 39FFFAB12AB1A751001AE0D7 /* XCRemoteSwiftPackageReference "firebase-ios-sdk" */;
			productName = FirebaseMessaging;
		};
		39FFFADC2AB1A753001AE0D7 /* FirebasePerformance */ = {
			isa = XCSwiftPackageProductDependency;
			package = 39FFFAB12AB1A751001AE0D7 /* XCRemoteSwiftPackageReference "firebase-ios-sdk" */;
			productName = FirebasePerformance;
		};
		39FFFADE2AB1A754001AE0D7 /* FirebaseRemoteConfig */ = {
			isa = XCSwiftPackageProductDependency;
			package = 39FFFAB12AB1A751001AE0D7 /* XCRemoteSwiftPackageReference "firebase-ios-sdk" */;
			productName = FirebaseRemoteConfig;
		};
		39FFFAE02AB1A754001AE0D7 /* FirebaseRemoteConfigSwift */ = {
			isa = XCSwiftPackageProductDependency;
			package = 39FFFAB12AB1A751001AE0D7 /* XCRemoteSwiftPackageReference "firebase-ios-sdk" */;
			productName = FirebaseRemoteConfigSwift;
		};
		39FFFAE22AB1A754001AE0D7 /* FirebaseStorage */ = {
			isa = XCSwiftPackageProductDependency;
			package = 39FFFAB12AB1A751001AE0D7 /* XCRemoteSwiftPackageReference "firebase-ios-sdk" */;
			productName = FirebaseStorage;
		};
		39FFFAE42AB1A754001AE0D7 /* FirebaseStorageCombine-Community */ = {
			isa = XCSwiftPackageProductDependency;
			package = 39FFFAB12AB1A751001AE0D7 /* XCRemoteSwiftPackageReference "firebase-ios-sdk" */;
			productName = "FirebaseStorageCombine-Community";
		};
/* End XCSwiftPackageProductDependency section */
	};
	rootObject = 394A5C682A9712DF006A7232 /* Project object */;
}
